
Microsoft Visual Studio Solution File, Format Version 12.00
# Visual Studio Version 16
VisualStudioVersion = 16.0.30717.126
MinimumVisualStudioVersion = 10.0.40219.1
Project("{9A19103F-16F7-4668-BE54-9A1E7A4F7556}") = "XamarinTodo.UseCase", "XamarinTodo.UseCase\XamarinTodo.UseCase.csproj", "{AA3B5A2B-52B9-4F64-B4CF-F7AD9115B3EA}"
EndProject
Project("{9A19103F-16F7-4668-BE54-9A1E7A4F7556}") = "XamarinTodo.Domain", "XamarinTodo.Domain\XamarinTodo.Domain.csproj", "{8895847E-264E-41F9-BF2F-0FF46498B8A6}"
EndProject
Project("{9A19103F-16F7-4668-BE54-9A1E7A4F7556}") = "XamarinTodo.SQLite", "XamarinTodo.SQLite\XamarinTodo.SQLite.csproj", "{7111D263-A30D-4343-8EB6-68397428BFBF}"
EndProject
Project("{9A19103F-16F7-4668-BE54-9A1E7A4F7556}") = "XamarinTodo.UseCase.Test", "XamarinTodo.UseCase.Test\XamarinTodo.UseCase.Test.csproj", "{0ED13128-7907-44B1-A485-05013294EA35}"
EndProject
Project("{9A19103F-16F7-4668-BE54-9A1E7A4F7556}") = "XamarinTodo.InMemory", "XamarinTodo.InMemory\XamarinTodo.InMemory.csproj", "{7C8D871B-6D55-4187-A751-9B19EA5B1CCE}"
EndProject
Project("{9A19103F-16F7-4668-BE54-9A1E7A4F7556}") = "XamarinTodo", "XamarinTodo\XamarinTodo\XamarinTodo.csproj", "{A2DFB925-0867-401A-9F0E-C196FA3A5E55}"
EndProject
Project("{FAE04EC0-301F-11D3-BF4B-00C04F79EFBC}") = "XamarinTodo.Android", "XamarinTodo\XamarinTodo.Android\XamarinTodo.Android.csproj", "{9304D18D-F83E-48DA-A5C3-289FC629FEA8}"
EndProject
Project("{FAE04EC0-301F-11D3-BF4B-00C04F79EFBC}") = "XamarinTodo.iOS", "XamarinTodo\XamarinTodo.iOS\XamarinTodo.iOS.csproj", "{E7C4FFB1-A0FA-4218-B1EC-3BCE4187F9AA}"
EndProject
Project("{FAE04EC0-301F-11D3-BF4B-00C04F79EFBC}") = "XamarinTodo.UWP", "XamarinTodo\XamarinTodo.UWP\XamarinTodo.UWP.csproj", "{88ECFDB0-D41F-4F89-A267-DC49EA69E36A}"
EndProject
Project("{FAE04EC0-301F-11D3-BF4B-00C04F79EFBC}") = "XamarinTodoNotPrism.UWP", "XamarinTodoNotPrism\XamarinTodoNotPrism.UWP\XamarinTodoNotPrism.UWP.csproj", "{44EBB577-9195-4F58-A073-D5D87DDCC17A}"
EndProject
Project("{FAE04EC0-301F-11D3-BF4B-00C04F79EFBC}") = "XamarinTodoNotPrism.Android", "XamarinTodoNotPrism\XamarinTodoNotPrism.Android\XamarinTodoNotPrism.Android.csproj", "{18D314A0-E646-41F0-973E-DFCFFF42785B}"
EndProject
Project("{FAE04EC0-301F-11D3-BF4B-00C04F79EFBC}") = "XamarinTodoNotPrism.iOS", "XamarinTodoNotPrism\XamarinTodoNotPrism.iOS\XamarinTodoNotPrism.iOS.csproj", "{2704BA4E-FB29-400B-8AE0-9E53F1F4F33C}"
EndProject
Project("{FAE04EC0-301F-11D3-BF4B-00C04F79EFBC}") = "XamarinTodoNotPrism", "XamarinTodoNotPrism\XamarinTodoNotPrism\XamarinTodoNotPrism.csproj", "{922AA2B6-7215-4DFA-B487-9F8ED32074AC}"
EndProject
Global
	GlobalSection(SolutionConfigurationPlatforms) = preSolution
		Ad-Hoc|Any CPU = Ad-Hoc|Any CPU
		Ad-Hoc|ARM = Ad-Hoc|ARM
		Ad-Hoc|iPhone = Ad-Hoc|iPhone
		Ad-Hoc|iPhoneSimulator = Ad-Hoc|iPhoneSimulator
		Ad-Hoc|x64 = Ad-Hoc|x64
		Ad-Hoc|x86 = Ad-Hoc|x86
		AppStore|Any CPU = AppStore|Any CPU
		AppStore|ARM = AppStore|ARM
		AppStore|iPhone = AppStore|iPhone
		AppStore|iPhoneSimulator = AppStore|iPhoneSimulator
		AppStore|x64 = AppStore|x64
		AppStore|x86 = AppStore|x86
		Debug|Any CPU = Debug|Any CPU
		Debug|ARM = Debug|ARM
		Debug|iPhone = Debug|iPhone
		Debug|iPhoneSimulator = Debug|iPhoneSimulator
		Debug|x64 = Debug|x64
		Debug|x86 = Debug|x86
		Release|Any CPU = Release|Any CPU
		Release|ARM = Release|ARM
		Release|iPhone = Release|iPhone
		Release|iPhoneSimulator = Release|iPhoneSimulator
		Release|x64 = Release|x64
		Release|x86 = Release|x86
	EndGlobalSection
	GlobalSection(ProjectConfigurationPlatforms) = postSolution
		{AA3B5A2B-52B9-4F64-B4CF-F7AD9115B3EA}.Ad-Hoc|Any CPU.ActiveCfg = Release|Any CPU
		{AA3B5A2B-52B9-4F64-B4CF-F7AD9115B3EA}.Ad-Hoc|Any CPU.Build.0 = Release|Any CPU
		{AA3B5A2B-52B9-4F64-B4CF-F7AD9115B3EA}.Ad-Hoc|ARM.ActiveCfg = Release|Any CPU
		{AA3B5A2B-52B9-4F64-B4CF-F7AD9115B3EA}.Ad-Hoc|ARM.Build.0 = Release|Any CPU
		{AA3B5A2B-52B9-4F64-B4CF-F7AD9115B3EA}.Ad-Hoc|iPhone.ActiveCfg = Release|Any CPU
		{AA3B5A2B-52B9-4F64-B4CF-F7AD9115B3EA}.Ad-Hoc|iPhone.Build.0 = Release|Any CPU
		{AA3B5A2B-52B9-4F64-B4CF-F7AD9115B3EA}.Ad-Hoc|iPhoneSimulator.ActiveCfg = Release|Any CPU
		{AA3B5A2B-52B9-4F64-B4CF-F7AD9115B3EA}.Ad-Hoc|iPhoneSimulator.Build.0 = Release|Any CPU
		{AA3B5A2B-52B9-4F64-B4CF-F7AD9115B3EA}.Ad-Hoc|x64.ActiveCfg = Release|Any CPU
		{AA3B5A2B-52B9-4F64-B4CF-F7AD9115B3EA}.Ad-Hoc|x64.Build.0 = Release|Any CPU
		{AA3B5A2B-52B9-4F64-B4CF-F7AD9115B3EA}.Ad-Hoc|x86.ActiveCfg = Release|Any CPU
		{AA3B5A2B-52B9-4F64-B4CF-F7AD9115B3EA}.Ad-Hoc|x86.Build.0 = Release|Any CPU
		{AA3B5A2B-52B9-4F64-B4CF-F7AD9115B3EA}.AppStore|Any CPU.ActiveCfg = Release|Any CPU
		{AA3B5A2B-52B9-4F64-B4CF-F7AD9115B3EA}.AppStore|Any CPU.Build.0 = Release|Any CPU
		{AA3B5A2B-52B9-4F64-B4CF-F7AD9115B3EA}.AppStore|ARM.ActiveCfg = Release|Any CPU
		{AA3B5A2B-52B9-4F64-B4CF-F7AD9115B3EA}.AppStore|ARM.Build.0 = Release|Any CPU
		{AA3B5A2B-52B9-4F64-B4CF-F7AD9115B3EA}.AppStore|iPhone.ActiveCfg = Release|Any CPU
		{AA3B5A2B-52B9-4F64-B4CF-F7AD9115B3EA}.AppStore|iPhone.Build.0 = Release|Any CPU
		{AA3B5A2B-52B9-4F64-B4CF-F7AD9115B3EA}.AppStore|iPhoneSimulator.ActiveCfg = Release|Any CPU
		{AA3B5A2B-52B9-4F64-B4CF-F7AD9115B3EA}.AppStore|iPhoneSimulator.Build.0 = Release|Any CPU
		{AA3B5A2B-52B9-4F64-B4CF-F7AD9115B3EA}.AppStore|x64.ActiveCfg = Release|Any CPU
		{AA3B5A2B-52B9-4F64-B4CF-F7AD9115B3EA}.AppStore|x64.Build.0 = Release|Any CPU
		{AA3B5A2B-52B9-4F64-B4CF-F7AD9115B3EA}.AppStore|x86.ActiveCfg = Release|Any CPU
		{AA3B5A2B-52B9-4F64-B4CF-F7AD9115B3EA}.AppStore|x86.Build.0 = Release|Any CPU
		{AA3B5A2B-52B9-4F64-B4CF-F7AD9115B3EA}.Debug|Any CPU.ActiveCfg = Debug|Any CPU
		{AA3B5A2B-52B9-4F64-B4CF-F7AD9115B3EA}.Debug|Any CPU.Build.0 = Debug|Any CPU
		{AA3B5A2B-52B9-4F64-B4CF-F7AD9115B3EA}.Debug|ARM.ActiveCfg = Debug|Any CPU
		{AA3B5A2B-52B9-4F64-B4CF-F7AD9115B3EA}.Debug|ARM.Build.0 = Debug|Any CPU
		{AA3B5A2B-52B9-4F64-B4CF-F7AD9115B3EA}.Debug|iPhone.ActiveCfg = Debug|Any CPU
		{AA3B5A2B-52B9-4F64-B4CF-F7AD9115B3EA}.Debug|iPhone.Build.0 = Debug|Any CPU
		{AA3B5A2B-52B9-4F64-B4CF-F7AD9115B3EA}.Debug|iPhoneSimulator.ActiveCfg = Debug|Any CPU
		{AA3B5A2B-52B9-4F64-B4CF-F7AD9115B3EA}.Debug|iPhoneSimulator.Build.0 = Debug|Any CPU
		{AA3B5A2B-52B9-4F64-B4CF-F7AD9115B3EA}.Debug|x64.ActiveCfg = Debug|Any CPU
		{AA3B5A2B-52B9-4F64-B4CF-F7AD9115B3EA}.Debug|x64.Build.0 = Debug|Any CPU
		{AA3B5A2B-52B9-4F64-B4CF-F7AD9115B3EA}.Debug|x86.ActiveCfg = Debug|Any CPU
		{AA3B5A2B-52B9-4F64-B4CF-F7AD9115B3EA}.Debug|x86.Build.0 = Debug|Any CPU
		{AA3B5A2B-52B9-4F64-B4CF-F7AD9115B3EA}.Release|Any CPU.ActiveCfg = Release|Any CPU
		{AA3B5A2B-52B9-4F64-B4CF-F7AD9115B3EA}.Release|Any CPU.Build.0 = Release|Any CPU
		{AA3B5A2B-52B9-4F64-B4CF-F7AD9115B3EA}.Release|ARM.ActiveCfg = Release|Any CPU
		{AA3B5A2B-52B9-4F64-B4CF-F7AD9115B3EA}.Release|ARM.Build.0 = Release|Any CPU
		{AA3B5A2B-52B9-4F64-B4CF-F7AD9115B3EA}.Release|iPhone.ActiveCfg = Release|Any CPU
		{AA3B5A2B-52B9-4F64-B4CF-F7AD9115B3EA}.Release|iPhone.Build.0 = Release|Any CPU
		{AA3B5A2B-52B9-4F64-B4CF-F7AD9115B3EA}.Release|iPhoneSimulator.ActiveCfg = Release|Any CPU
		{AA3B5A2B-52B9-4F64-B4CF-F7AD9115B3EA}.Release|iPhoneSimulator.Build.0 = Release|Any CPU
		{AA3B5A2B-52B9-4F64-B4CF-F7AD9115B3EA}.Release|x64.ActiveCfg = Release|Any CPU
		{AA3B5A2B-52B9-4F64-B4CF-F7AD9115B3EA}.Release|x64.Build.0 = Release|Any CPU
		{AA3B5A2B-52B9-4F64-B4CF-F7AD9115B3EA}.Release|x86.ActiveCfg = Release|Any CPU
		{AA3B5A2B-52B9-4F64-B4CF-F7AD9115B3EA}.Release|x86.Build.0 = Release|Any CPU
		{8895847E-264E-41F9-BF2F-0FF46498B8A6}.Ad-Hoc|Any CPU.ActiveCfg = Release|Any CPU
		{8895847E-264E-41F9-BF2F-0FF46498B8A6}.Ad-Hoc|Any CPU.Build.0 = Release|Any CPU
		{8895847E-264E-41F9-BF2F-0FF46498B8A6}.Ad-Hoc|ARM.ActiveCfg = Release|Any CPU
		{8895847E-264E-41F9-BF2F-0FF46498B8A6}.Ad-Hoc|ARM.Build.0 = Release|Any CPU
		{8895847E-264E-41F9-BF2F-0FF46498B8A6}.Ad-Hoc|iPhone.ActiveCfg = Release|Any CPU
		{8895847E-264E-41F9-BF2F-0FF46498B8A6}.Ad-Hoc|iPhone.Build.0 = Release|Any CPU
		{8895847E-264E-41F9-BF2F-0FF46498B8A6}.Ad-Hoc|iPhoneSimulator.ActiveCfg = Release|Any CPU
		{8895847E-264E-41F9-BF2F-0FF46498B8A6}.Ad-Hoc|iPhoneSimulator.Build.0 = Release|Any CPU
		{8895847E-264E-41F9-BF2F-0FF46498B8A6}.Ad-Hoc|x64.ActiveCfg = Release|Any CPU
		{8895847E-264E-41F9-BF2F-0FF46498B8A6}.Ad-Hoc|x64.Build.0 = Release|Any CPU
		{8895847E-264E-41F9-BF2F-0FF46498B8A6}.Ad-Hoc|x86.ActiveCfg = Release|Any CPU
		{8895847E-264E-41F9-BF2F-0FF46498B8A6}.Ad-Hoc|x86.Build.0 = Release|Any CPU
		{8895847E-264E-41F9-BF2F-0FF46498B8A6}.AppStore|Any CPU.ActiveCfg = Release|Any CPU
		{8895847E-264E-41F9-BF2F-0FF46498B8A6}.AppStore|Any CPU.Build.0 = Release|Any CPU
		{8895847E-264E-41F9-BF2F-0FF46498B8A6}.AppStore|ARM.ActiveCfg = Release|Any CPU
		{8895847E-264E-41F9-BF2F-0FF46498B8A6}.AppStore|ARM.Build.0 = Release|Any CPU
		{8895847E-264E-41F9-BF2F-0FF46498B8A6}.AppStore|iPhone.ActiveCfg = Release|Any CPU
		{8895847E-264E-41F9-BF2F-0FF46498B8A6}.AppStore|iPhone.Build.0 = Release|Any CPU
		{8895847E-264E-41F9-BF2F-0FF46498B8A6}.AppStore|iPhoneSimulator.ActiveCfg = Release|Any CPU
		{8895847E-264E-41F9-BF2F-0FF46498B8A6}.AppStore|iPhoneSimulator.Build.0 = Release|Any CPU
		{8895847E-264E-41F9-BF2F-0FF46498B8A6}.AppStore|x64.ActiveCfg = Release|Any CPU
		{8895847E-264E-41F9-BF2F-0FF46498B8A6}.AppStore|x64.Build.0 = Release|Any CPU
		{8895847E-264E-41F9-BF2F-0FF46498B8A6}.AppStore|x86.ActiveCfg = Release|Any CPU
		{8895847E-264E-41F9-BF2F-0FF46498B8A6}.AppStore|x86.Build.0 = Release|Any CPU
		{8895847E-264E-41F9-BF2F-0FF46498B8A6}.Debug|Any CPU.ActiveCfg = Debug|Any CPU
		{8895847E-264E-41F9-BF2F-0FF46498B8A6}.Debug|Any CPU.Build.0 = Debug|Any CPU
		{8895847E-264E-41F9-BF2F-0FF46498B8A6}.Debug|ARM.ActiveCfg = Debug|Any CPU
		{8895847E-264E-41F9-BF2F-0FF46498B8A6}.Debug|ARM.Build.0 = Debug|Any CPU
		{8895847E-264E-41F9-BF2F-0FF46498B8A6}.Debug|iPhone.ActiveCfg = Debug|Any CPU
		{8895847E-264E-41F9-BF2F-0FF46498B8A6}.Debug|iPhone.Build.0 = Debug|Any CPU
		{8895847E-264E-41F9-BF2F-0FF46498B8A6}.Debug|iPhoneSimulator.ActiveCfg = Debug|Any CPU
		{8895847E-264E-41F9-BF2F-0FF46498B8A6}.Debug|iPhoneSimulator.Build.0 = Debug|Any CPU
		{8895847E-264E-41F9-BF2F-0FF46498B8A6}.Debug|x64.ActiveCfg = Debug|Any CPU
		{8895847E-264E-41F9-BF2F-0FF46498B8A6}.Debug|x64.Build.0 = Debug|Any CPU
		{8895847E-264E-41F9-BF2F-0FF46498B8A6}.Debug|x86.ActiveCfg = Debug|Any CPU
		{8895847E-264E-41F9-BF2F-0FF46498B8A6}.Debug|x86.Build.0 = Debug|Any CPU
		{8895847E-264E-41F9-BF2F-0FF46498B8A6}.Release|Any CPU.ActiveCfg = Release|Any CPU
		{8895847E-264E-41F9-BF2F-0FF46498B8A6}.Release|Any CPU.Build.0 = Release|Any CPU
		{8895847E-264E-41F9-BF2F-0FF46498B8A6}.Release|ARM.ActiveCfg = Release|Any CPU
		{8895847E-264E-41F9-BF2F-0FF46498B8A6}.Release|ARM.Build.0 = Release|Any CPU
		{8895847E-264E-41F9-BF2F-0FF46498B8A6}.Release|iPhone.ActiveCfg = Release|Any CPU
		{8895847E-264E-41F9-BF2F-0FF46498B8A6}.Release|iPhone.Build.0 = Release|Any CPU
		{8895847E-264E-41F9-BF2F-0FF46498B8A6}.Release|iPhoneSimulator.ActiveCfg = Release|Any CPU
		{8895847E-264E-41F9-BF2F-0FF46498B8A6}.Release|iPhoneSimulator.Build.0 = Release|Any CPU
		{8895847E-264E-41F9-BF2F-0FF46498B8A6}.Release|x64.ActiveCfg = Release|Any CPU
		{8895847E-264E-41F9-BF2F-0FF46498B8A6}.Release|x64.Build.0 = Release|Any CPU
		{8895847E-264E-41F9-BF2F-0FF46498B8A6}.Release|x86.ActiveCfg = Release|Any CPU
		{8895847E-264E-41F9-BF2F-0FF46498B8A6}.Release|x86.Build.0 = Release|Any CPU
		{7111D263-A30D-4343-8EB6-68397428BFBF}.Ad-Hoc|Any CPU.ActiveCfg = Release|Any CPU
		{7111D263-A30D-4343-8EB6-68397428BFBF}.Ad-Hoc|Any CPU.Build.0 = Release|Any CPU
		{7111D263-A30D-4343-8EB6-68397428BFBF}.Ad-Hoc|ARM.ActiveCfg = Release|Any CPU
		{7111D263-A30D-4343-8EB6-68397428BFBF}.Ad-Hoc|ARM.Build.0 = Release|Any CPU
		{7111D263-A30D-4343-8EB6-68397428BFBF}.Ad-Hoc|iPhone.ActiveCfg = Release|Any CPU
		{7111D263-A30D-4343-8EB6-68397428BFBF}.Ad-Hoc|iPhone.Build.0 = Release|Any CPU
		{7111D263-A30D-4343-8EB6-68397428BFBF}.Ad-Hoc|iPhoneSimulator.ActiveCfg = Release|Any CPU
		{7111D263-A30D-4343-8EB6-68397428BFBF}.Ad-Hoc|iPhoneSimulator.Build.0 = Release|Any CPU
		{7111D263-A30D-4343-8EB6-68397428BFBF}.Ad-Hoc|x64.ActiveCfg = Release|Any CPU
		{7111D263-A30D-4343-8EB6-68397428BFBF}.Ad-Hoc|x64.Build.0 = Release|Any CPU
		{7111D263-A30D-4343-8EB6-68397428BFBF}.Ad-Hoc|x86.ActiveCfg = Release|Any CPU
		{7111D263-A30D-4343-8EB6-68397428BFBF}.Ad-Hoc|x86.Build.0 = Release|Any CPU
		{7111D263-A30D-4343-8EB6-68397428BFBF}.AppStore|Any CPU.ActiveCfg = Release|Any CPU
		{7111D263-A30D-4343-8EB6-68397428BFBF}.AppStore|Any CPU.Build.0 = Release|Any CPU
		{7111D263-A30D-4343-8EB6-68397428BFBF}.AppStore|ARM.ActiveCfg = Release|Any CPU
		{7111D263-A30D-4343-8EB6-68397428BFBF}.AppStore|ARM.Build.0 = Release|Any CPU
		{7111D263-A30D-4343-8EB6-68397428BFBF}.AppStore|iPhone.ActiveCfg = Release|Any CPU
		{7111D263-A30D-4343-8EB6-68397428BFBF}.AppStore|iPhone.Build.0 = Release|Any CPU
		{7111D263-A30D-4343-8EB6-68397428BFBF}.AppStore|iPhoneSimulator.ActiveCfg = Release|Any CPU
		{7111D263-A30D-4343-8EB6-68397428BFBF}.AppStore|iPhoneSimulator.Build.0 = Release|Any CPU
		{7111D263-A30D-4343-8EB6-68397428BFBF}.AppStore|x64.ActiveCfg = Release|Any CPU
		{7111D263-A30D-4343-8EB6-68397428BFBF}.AppStore|x64.Build.0 = Release|Any CPU
		{7111D263-A30D-4343-8EB6-68397428BFBF}.AppStore|x86.ActiveCfg = Release|Any CPU
		{7111D263-A30D-4343-8EB6-68397428BFBF}.AppStore|x86.Build.0 = Release|Any CPU
		{7111D263-A30D-4343-8EB6-68397428BFBF}.Debug|Any CPU.ActiveCfg = Debug|Any CPU
		{7111D263-A30D-4343-8EB6-68397428BFBF}.Debug|Any CPU.Build.0 = Debug|Any CPU
		{7111D263-A30D-4343-8EB6-68397428BFBF}.Debug|ARM.ActiveCfg = Debug|Any CPU
		{7111D263-A30D-4343-8EB6-68397428BFBF}.Debug|ARM.Build.0 = Debug|Any CPU
		{7111D263-A30D-4343-8EB6-68397428BFBF}.Debug|iPhone.ActiveCfg = Debug|Any CPU
		{7111D263-A30D-4343-8EB6-68397428BFBF}.Debug|iPhone.Build.0 = Debug|Any CPU
		{7111D263-A30D-4343-8EB6-68397428BFBF}.Debug|iPhoneSimulator.ActiveCfg = Debug|Any CPU
		{7111D263-A30D-4343-8EB6-68397428BFBF}.Debug|iPhoneSimulator.Build.0 = Debug|Any CPU
		{7111D263-A30D-4343-8EB6-68397428BFBF}.Debug|x64.ActiveCfg = Debug|Any CPU
		{7111D263-A30D-4343-8EB6-68397428BFBF}.Debug|x64.Build.0 = Debug|Any CPU
		{7111D263-A30D-4343-8EB6-68397428BFBF}.Debug|x86.ActiveCfg = Debug|Any CPU
		{7111D263-A30D-4343-8EB6-68397428BFBF}.Debug|x86.Build.0 = Debug|Any CPU
		{7111D263-A30D-4343-8EB6-68397428BFBF}.Release|Any CPU.ActiveCfg = Release|Any CPU
		{7111D263-A30D-4343-8EB6-68397428BFBF}.Release|Any CPU.Build.0 = Release|Any CPU
		{7111D263-A30D-4343-8EB6-68397428BFBF}.Release|ARM.ActiveCfg = Release|Any CPU
		{7111D263-A30D-4343-8EB6-68397428BFBF}.Release|ARM.Build.0 = Release|Any CPU
		{7111D263-A30D-4343-8EB6-68397428BFBF}.Release|iPhone.ActiveCfg = Release|Any CPU
		{7111D263-A30D-4343-8EB6-68397428BFBF}.Release|iPhone.Build.0 = Release|Any CPU
		{7111D263-A30D-4343-8EB6-68397428BFBF}.Release|iPhoneSimulator.ActiveCfg = Release|Any CPU
		{7111D263-A30D-4343-8EB6-68397428BFBF}.Release|iPhoneSimulator.Build.0 = Release|Any CPU
		{7111D263-A30D-4343-8EB6-68397428BFBF}.Release|x64.ActiveCfg = Release|Any CPU
		{7111D263-A30D-4343-8EB6-68397428BFBF}.Release|x64.Build.0 = Release|Any CPU
		{7111D263-A30D-4343-8EB6-68397428BFBF}.Release|x86.ActiveCfg = Release|Any CPU
		{7111D263-A30D-4343-8EB6-68397428BFBF}.Release|x86.Build.0 = Release|Any CPU
		{0ED13128-7907-44B1-A485-05013294EA35}.Ad-Hoc|Any CPU.ActiveCfg = Release|Any CPU
		{0ED13128-7907-44B1-A485-05013294EA35}.Ad-Hoc|Any CPU.Build.0 = Release|Any CPU
		{0ED13128-7907-44B1-A485-05013294EA35}.Ad-Hoc|ARM.ActiveCfg = Release|Any CPU
		{0ED13128-7907-44B1-A485-05013294EA35}.Ad-Hoc|ARM.Build.0 = Release|Any CPU
		{0ED13128-7907-44B1-A485-05013294EA35}.Ad-Hoc|iPhone.ActiveCfg = Release|Any CPU
		{0ED13128-7907-44B1-A485-05013294EA35}.Ad-Hoc|iPhone.Build.0 = Release|Any CPU
		{0ED13128-7907-44B1-A485-05013294EA35}.Ad-Hoc|iPhoneSimulator.ActiveCfg = Release|Any CPU
		{0ED13128-7907-44B1-A485-05013294EA35}.Ad-Hoc|iPhoneSimulator.Build.0 = Release|Any CPU
		{0ED13128-7907-44B1-A485-05013294EA35}.Ad-Hoc|x64.ActiveCfg = Release|Any CPU
		{0ED13128-7907-44B1-A485-05013294EA35}.Ad-Hoc|x64.Build.0 = Release|Any CPU
		{0ED13128-7907-44B1-A485-05013294EA35}.Ad-Hoc|x86.ActiveCfg = Release|Any CPU
		{0ED13128-7907-44B1-A485-05013294EA35}.Ad-Hoc|x86.Build.0 = Release|Any CPU
		{0ED13128-7907-44B1-A485-05013294EA35}.AppStore|Any CPU.ActiveCfg = Release|Any CPU
		{0ED13128-7907-44B1-A485-05013294EA35}.AppStore|Any CPU.Build.0 = Release|Any CPU
		{0ED13128-7907-44B1-A485-05013294EA35}.AppStore|ARM.ActiveCfg = Release|Any CPU
		{0ED13128-7907-44B1-A485-05013294EA35}.AppStore|ARM.Build.0 = Release|Any CPU
		{0ED13128-7907-44B1-A485-05013294EA35}.AppStore|iPhone.ActiveCfg = Release|Any CPU
		{0ED13128-7907-44B1-A485-05013294EA35}.AppStore|iPhone.Build.0 = Release|Any CPU
		{0ED13128-7907-44B1-A485-05013294EA35}.AppStore|iPhoneSimulator.ActiveCfg = Release|Any CPU
		{0ED13128-7907-44B1-A485-05013294EA35}.AppStore|iPhoneSimulator.Build.0 = Release|Any CPU
		{0ED13128-7907-44B1-A485-05013294EA35}.AppStore|x64.ActiveCfg = Release|Any CPU
		{0ED13128-7907-44B1-A485-05013294EA35}.AppStore|x64.Build.0 = Release|Any CPU
		{0ED13128-7907-44B1-A485-05013294EA35}.AppStore|x86.ActiveCfg = Release|Any CPU
		{0ED13128-7907-44B1-A485-05013294EA35}.AppStore|x86.Build.0 = Release|Any CPU
		{0ED13128-7907-44B1-A485-05013294EA35}.Debug|Any CPU.ActiveCfg = Debug|Any CPU
		{0ED13128-7907-44B1-A485-05013294EA35}.Debug|Any CPU.Build.0 = Debug|Any CPU
		{0ED13128-7907-44B1-A485-05013294EA35}.Debug|ARM.ActiveCfg = Debug|Any CPU
		{0ED13128-7907-44B1-A485-05013294EA35}.Debug|ARM.Build.0 = Debug|Any CPU
		{0ED13128-7907-44B1-A485-05013294EA35}.Debug|iPhone.ActiveCfg = Debug|Any CPU
		{0ED13128-7907-44B1-A485-05013294EA35}.Debug|iPhone.Build.0 = Debug|Any CPU
		{0ED13128-7907-44B1-A485-05013294EA35}.Debug|iPhoneSimulator.ActiveCfg = Debug|Any CPU
		{0ED13128-7907-44B1-A485-05013294EA35}.Debug|iPhoneSimulator.Build.0 = Debug|Any CPU
		{0ED13128-7907-44B1-A485-05013294EA35}.Debug|x64.ActiveCfg = Debug|Any CPU
		{0ED13128-7907-44B1-A485-05013294EA35}.Debug|x64.Build.0 = Debug|Any CPU
		{0ED13128-7907-44B1-A485-05013294EA35}.Debug|x86.ActiveCfg = Debug|Any CPU
		{0ED13128-7907-44B1-A485-05013294EA35}.Debug|x86.Build.0 = Debug|Any CPU
		{0ED13128-7907-44B1-A485-05013294EA35}.Release|Any CPU.ActiveCfg = Release|Any CPU
		{0ED13128-7907-44B1-A485-05013294EA35}.Release|Any CPU.Build.0 = Release|Any CPU
		{0ED13128-7907-44B1-A485-05013294EA35}.Release|ARM.ActiveCfg = Release|Any CPU
		{0ED13128-7907-44B1-A485-05013294EA35}.Release|ARM.Build.0 = Release|Any CPU
		{0ED13128-7907-44B1-A485-05013294EA35}.Release|iPhone.ActiveCfg = Release|Any CPU
		{0ED13128-7907-44B1-A485-05013294EA35}.Release|iPhone.Build.0 = Release|Any CPU
		{0ED13128-7907-44B1-A485-05013294EA35}.Release|iPhoneSimulator.ActiveCfg = Release|Any CPU
		{0ED13128-7907-44B1-A485-05013294EA35}.Release|iPhoneSimulator.Build.0 = Release|Any CPU
		{0ED13128-7907-44B1-A485-05013294EA35}.Release|x64.ActiveCfg = Release|Any CPU
		{0ED13128-7907-44B1-A485-05013294EA35}.Release|x64.Build.0 = Release|Any CPU
		{0ED13128-7907-44B1-A485-05013294EA35}.Release|x86.ActiveCfg = Release|Any CPU
		{0ED13128-7907-44B1-A485-05013294EA35}.Release|x86.Build.0 = Release|Any CPU
		{7C8D871B-6D55-4187-A751-9B19EA5B1CCE}.Ad-Hoc|Any CPU.ActiveCfg = Release|Any CPU
		{7C8D871B-6D55-4187-A751-9B19EA5B1CCE}.Ad-Hoc|Any CPU.Build.0 = Release|Any CPU
		{7C8D871B-6D55-4187-A751-9B19EA5B1CCE}.Ad-Hoc|ARM.ActiveCfg = Release|Any CPU
		{7C8D871B-6D55-4187-A751-9B19EA5B1CCE}.Ad-Hoc|ARM.Build.0 = Release|Any CPU
		{7C8D871B-6D55-4187-A751-9B19EA5B1CCE}.Ad-Hoc|iPhone.ActiveCfg = Release|Any CPU
		{7C8D871B-6D55-4187-A751-9B19EA5B1CCE}.Ad-Hoc|iPhone.Build.0 = Release|Any CPU
		{7C8D871B-6D55-4187-A751-9B19EA5B1CCE}.Ad-Hoc|iPhoneSimulator.ActiveCfg = Release|Any CPU
		{7C8D871B-6D55-4187-A751-9B19EA5B1CCE}.Ad-Hoc|iPhoneSimulator.Build.0 = Release|Any CPU
		{7C8D871B-6D55-4187-A751-9B19EA5B1CCE}.Ad-Hoc|x64.ActiveCfg = Release|Any CPU
		{7C8D871B-6D55-4187-A751-9B19EA5B1CCE}.Ad-Hoc|x64.Build.0 = Release|Any CPU
		{7C8D871B-6D55-4187-A751-9B19EA5B1CCE}.Ad-Hoc|x86.ActiveCfg = Release|Any CPU
		{7C8D871B-6D55-4187-A751-9B19EA5B1CCE}.Ad-Hoc|x86.Build.0 = Release|Any CPU
		{7C8D871B-6D55-4187-A751-9B19EA5B1CCE}.AppStore|Any CPU.ActiveCfg = Release|Any CPU
		{7C8D871B-6D55-4187-A751-9B19EA5B1CCE}.AppStore|Any CPU.Build.0 = Release|Any CPU
		{7C8D871B-6D55-4187-A751-9B19EA5B1CCE}.AppStore|ARM.ActiveCfg = Release|Any CPU
		{7C8D871B-6D55-4187-A751-9B19EA5B1CCE}.AppStore|ARM.Build.0 = Release|Any CPU
		{7C8D871B-6D55-4187-A751-9B19EA5B1CCE}.AppStore|iPhone.ActiveCfg = Release|Any CPU
		{7C8D871B-6D55-4187-A751-9B19EA5B1CCE}.AppStore|iPhone.Build.0 = Release|Any CPU
		{7C8D871B-6D55-4187-A751-9B19EA5B1CCE}.AppStore|iPhoneSimulator.ActiveCfg = Release|Any CPU
		{7C8D871B-6D55-4187-A751-9B19EA5B1CCE}.AppStore|iPhoneSimulator.Build.0 = Release|Any CPU
		{7C8D871B-6D55-4187-A751-9B19EA5B1CCE}.AppStore|x64.ActiveCfg = Release|Any CPU
		{7C8D871B-6D55-4187-A751-9B19EA5B1CCE}.AppStore|x64.Build.0 = Release|Any CPU
		{7C8D871B-6D55-4187-A751-9B19EA5B1CCE}.AppStore|x86.ActiveCfg = Release|Any CPU
		{7C8D871B-6D55-4187-A751-9B19EA5B1CCE}.AppStore|x86.Build.0 = Release|Any CPU
		{7C8D871B-6D55-4187-A751-9B19EA5B1CCE}.Debug|Any CPU.ActiveCfg = Debug|Any CPU
		{7C8D871B-6D55-4187-A751-9B19EA5B1CCE}.Debug|Any CPU.Build.0 = Debug|Any CPU
		{7C8D871B-6D55-4187-A751-9B19EA5B1CCE}.Debug|ARM.ActiveCfg = Debug|Any CPU
		{7C8D871B-6D55-4187-A751-9B19EA5B1CCE}.Debug|ARM.Build.0 = Debug|Any CPU
		{7C8D871B-6D55-4187-A751-9B19EA5B1CCE}.Debug|iPhone.ActiveCfg = Debug|Any CPU
		{7C8D871B-6D55-4187-A751-9B19EA5B1CCE}.Debug|iPhone.Build.0 = Debug|Any CPU
		{7C8D871B-6D55-4187-A751-9B19EA5B1CCE}.Debug|iPhoneSimulator.ActiveCfg = Debug|Any CPU
		{7C8D871B-6D55-4187-A751-9B19EA5B1CCE}.Debug|iPhoneSimulator.Build.0 = Debug|Any CPU
		{7C8D871B-6D55-4187-A751-9B19EA5B1CCE}.Debug|x64.ActiveCfg = Debug|Any CPU
		{7C8D871B-6D55-4187-A751-9B19EA5B1CCE}.Debug|x64.Build.0 = Debug|Any CPU
		{7C8D871B-6D55-4187-A751-9B19EA5B1CCE}.Debug|x86.ActiveCfg = Debug|Any CPU
		{7C8D871B-6D55-4187-A751-9B19EA5B1CCE}.Debug|x86.Build.0 = Debug|Any CPU
		{7C8D871B-6D55-4187-A751-9B19EA5B1CCE}.Release|Any CPU.ActiveCfg = Release|Any CPU
		{7C8D871B-6D55-4187-A751-9B19EA5B1CCE}.Release|Any CPU.Build.0 = Release|Any CPU
		{7C8D871B-6D55-4187-A751-9B19EA5B1CCE}.Release|ARM.ActiveCfg = Release|Any CPU
		{7C8D871B-6D55-4187-A751-9B19EA5B1CCE}.Release|ARM.Build.0 = Release|Any CPU
		{7C8D871B-6D55-4187-A751-9B19EA5B1CCE}.Release|iPhone.ActiveCfg = Release|Any CPU
		{7C8D871B-6D55-4187-A751-9B19EA5B1CCE}.Release|iPhone.Build.0 = Release|Any CPU
		{7C8D871B-6D55-4187-A751-9B19EA5B1CCE}.Release|iPhoneSimulator.ActiveCfg = Release|Any CPU
		{7C8D871B-6D55-4187-A751-9B19EA5B1CCE}.Release|iPhoneSimulator.Build.0 = Release|Any CPU
		{7C8D871B-6D55-4187-A751-9B19EA5B1CCE}.Release|x64.ActiveCfg = Release|Any CPU
		{7C8D871B-6D55-4187-A751-9B19EA5B1CCE}.Release|x64.Build.0 = Release|Any CPU
		{7C8D871B-6D55-4187-A751-9B19EA5B1CCE}.Release|x86.ActiveCfg = Release|Any CPU
		{7C8D871B-6D55-4187-A751-9B19EA5B1CCE}.Release|x86.Build.0 = Release|Any CPU
		{A2DFB925-0867-401A-9F0E-C196FA3A5E55}.Ad-Hoc|Any CPU.ActiveCfg = Debug|Any CPU
		{A2DFB925-0867-401A-9F0E-C196FA3A5E55}.Ad-Hoc|Any CPU.Build.0 = Debug|Any CPU
		{A2DFB925-0867-401A-9F0E-C196FA3A5E55}.Ad-Hoc|ARM.ActiveCfg = Debug|Any CPU
		{A2DFB925-0867-401A-9F0E-C196FA3A5E55}.Ad-Hoc|ARM.Build.0 = Debug|Any CPU
		{A2DFB925-0867-401A-9F0E-C196FA3A5E55}.Ad-Hoc|iPhone.ActiveCfg = Debug|Any CPU
		{A2DFB925-0867-401A-9F0E-C196FA3A5E55}.Ad-Hoc|iPhone.Build.0 = Debug|Any CPU
		{A2DFB925-0867-401A-9F0E-C196FA3A5E55}.Ad-Hoc|iPhoneSimulator.ActiveCfg = Debug|Any CPU
		{A2DFB925-0867-401A-9F0E-C196FA3A5E55}.Ad-Hoc|iPhoneSimulator.Build.0 = Debug|Any CPU
		{A2DFB925-0867-401A-9F0E-C196FA3A5E55}.Ad-Hoc|x64.ActiveCfg = Debug|Any CPU
		{A2DFB925-0867-401A-9F0E-C196FA3A5E55}.Ad-Hoc|x64.Build.0 = Debug|Any CPU
		{A2DFB925-0867-401A-9F0E-C196FA3A5E55}.Ad-Hoc|x86.ActiveCfg = Debug|Any CPU
		{A2DFB925-0867-401A-9F0E-C196FA3A5E55}.Ad-Hoc|x86.Build.0 = Debug|Any CPU
		{A2DFB925-0867-401A-9F0E-C196FA3A5E55}.AppStore|Any CPU.ActiveCfg = Debug|Any CPU
		{A2DFB925-0867-401A-9F0E-C196FA3A5E55}.AppStore|Any CPU.Build.0 = Debug|Any CPU
		{A2DFB925-0867-401A-9F0E-C196FA3A5E55}.AppStore|ARM.ActiveCfg = Debug|Any CPU
		{A2DFB925-0867-401A-9F0E-C196FA3A5E55}.AppStore|ARM.Build.0 = Debug|Any CPU
		{A2DFB925-0867-401A-9F0E-C196FA3A5E55}.AppStore|iPhone.ActiveCfg = Debug|Any CPU
		{A2DFB925-0867-401A-9F0E-C196FA3A5E55}.AppStore|iPhone.Build.0 = Debug|Any CPU
		{A2DFB925-0867-401A-9F0E-C196FA3A5E55}.AppStore|iPhoneSimulator.ActiveCfg = Debug|Any CPU
		{A2DFB925-0867-401A-9F0E-C196FA3A5E55}.AppStore|iPhoneSimulator.Build.0 = Debug|Any CPU
		{A2DFB925-0867-401A-9F0E-C196FA3A5E55}.AppStore|x64.ActiveCfg = Debug|Any CPU
		{A2DFB925-0867-401A-9F0E-C196FA3A5E55}.AppStore|x64.Build.0 = Debug|Any CPU
		{A2DFB925-0867-401A-9F0E-C196FA3A5E55}.AppStore|x86.ActiveCfg = Debug|Any CPU
		{A2DFB925-0867-401A-9F0E-C196FA3A5E55}.AppStore|x86.Build.0 = Debug|Any CPU
		{A2DFB925-0867-401A-9F0E-C196FA3A5E55}.Debug|Any CPU.ActiveCfg = Debug|Any CPU
		{A2DFB925-0867-401A-9F0E-C196FA3A5E55}.Debug|Any CPU.Build.0 = Debug|Any CPU
		{A2DFB925-0867-401A-9F0E-C196FA3A5E55}.Debug|ARM.ActiveCfg = Debug|Any CPU
		{A2DFB925-0867-401A-9F0E-C196FA3A5E55}.Debug|ARM.Build.0 = Debug|Any CPU
		{A2DFB925-0867-401A-9F0E-C196FA3A5E55}.Debug|iPhone.ActiveCfg = Debug|Any CPU
		{A2DFB925-0867-401A-9F0E-C196FA3A5E55}.Debug|iPhone.Build.0 = Debug|Any CPU
		{A2DFB925-0867-401A-9F0E-C196FA3A5E55}.Debug|iPhoneSimulator.ActiveCfg = Debug|Any CPU
		{A2DFB925-0867-401A-9F0E-C196FA3A5E55}.Debug|iPhoneSimulator.Build.0 = Debug|Any CPU
		{A2DFB925-0867-401A-9F0E-C196FA3A5E55}.Debug|x64.ActiveCfg = Debug|Any CPU
		{A2DFB925-0867-401A-9F0E-C196FA3A5E55}.Debug|x64.Build.0 = Debug|Any CPU
		{A2DFB925-0867-401A-9F0E-C196FA3A5E55}.Debug|x86.ActiveCfg = Debug|Any CPU
		{A2DFB925-0867-401A-9F0E-C196FA3A5E55}.Debug|x86.Build.0 = Debug|Any CPU
		{A2DFB925-0867-401A-9F0E-C196FA3A5E55}.Release|Any CPU.ActiveCfg = Release|Any CPU
		{A2DFB925-0867-401A-9F0E-C196FA3A5E55}.Release|Any CPU.Build.0 = Release|Any CPU
		{A2DFB925-0867-401A-9F0E-C196FA3A5E55}.Release|ARM.ActiveCfg = Release|Any CPU
		{A2DFB925-0867-401A-9F0E-C196FA3A5E55}.Release|ARM.Build.0 = Release|Any CPU
		{A2DFB925-0867-401A-9F0E-C196FA3A5E55}.Release|iPhone.ActiveCfg = Release|Any CPU
		{A2DFB925-0867-401A-9F0E-C196FA3A5E55}.Release|iPhone.Build.0 = Release|Any CPU
		{A2DFB925-0867-401A-9F0E-C196FA3A5E55}.Release|iPhoneSimulator.ActiveCfg = Release|Any CPU
		{A2DFB925-0867-401A-9F0E-C196FA3A5E55}.Release|iPhoneSimulator.Build.0 = Release|Any CPU
		{A2DFB925-0867-401A-9F0E-C196FA3A5E55}.Release|x64.ActiveCfg = Release|Any CPU
		{A2DFB925-0867-401A-9F0E-C196FA3A5E55}.Release|x64.Build.0 = Release|Any CPU
		{A2DFB925-0867-401A-9F0E-C196FA3A5E55}.Release|x86.ActiveCfg = Release|Any CPU
		{A2DFB925-0867-401A-9F0E-C196FA3A5E55}.Release|x86.Build.0 = Release|Any CPU
		{9304D18D-F83E-48DA-A5C3-289FC629FEA8}.Ad-Hoc|Any CPU.ActiveCfg = Debug|Any CPU
		{9304D18D-F83E-48DA-A5C3-289FC629FEA8}.Ad-Hoc|Any CPU.Build.0 = Debug|Any CPU
		{9304D18D-F83E-48DA-A5C3-289FC629FEA8}.Ad-Hoc|Any CPU.Deploy.0 = Debug|Any CPU
		{9304D18D-F83E-48DA-A5C3-289FC629FEA8}.Ad-Hoc|ARM.ActiveCfg = Debug|Any CPU
		{9304D18D-F83E-48DA-A5C3-289FC629FEA8}.Ad-Hoc|ARM.Build.0 = Debug|Any CPU
		{9304D18D-F83E-48DA-A5C3-289FC629FEA8}.Ad-Hoc|ARM.Deploy.0 = Debug|Any CPU
		{9304D18D-F83E-48DA-A5C3-289FC629FEA8}.Ad-Hoc|iPhone.ActiveCfg = Debug|Any CPU
		{9304D18D-F83E-48DA-A5C3-289FC629FEA8}.Ad-Hoc|iPhone.Build.0 = Debug|Any CPU
		{9304D18D-F83E-48DA-A5C3-289FC629FEA8}.Ad-Hoc|iPhone.Deploy.0 = Debug|Any CPU
		{9304D18D-F83E-48DA-A5C3-289FC629FEA8}.Ad-Hoc|iPhoneSimulator.ActiveCfg = Debug|Any CPU
		{9304D18D-F83E-48DA-A5C3-289FC629FEA8}.Ad-Hoc|iPhoneSimulator.Build.0 = Debug|Any CPU
		{9304D18D-F83E-48DA-A5C3-289FC629FEA8}.Ad-Hoc|iPhoneSimulator.Deploy.0 = Debug|Any CPU
		{9304D18D-F83E-48DA-A5C3-289FC629FEA8}.Ad-Hoc|x64.ActiveCfg = Debug|Any CPU
		{9304D18D-F83E-48DA-A5C3-289FC629FEA8}.Ad-Hoc|x64.Build.0 = Debug|Any CPU
		{9304D18D-F83E-48DA-A5C3-289FC629FEA8}.Ad-Hoc|x64.Deploy.0 = Debug|Any CPU
		{9304D18D-F83E-48DA-A5C3-289FC629FEA8}.Ad-Hoc|x86.ActiveCfg = Debug|Any CPU
		{9304D18D-F83E-48DA-A5C3-289FC629FEA8}.Ad-Hoc|x86.Build.0 = Debug|Any CPU
		{9304D18D-F83E-48DA-A5C3-289FC629FEA8}.Ad-Hoc|x86.Deploy.0 = Debug|Any CPU
		{9304D18D-F83E-48DA-A5C3-289FC629FEA8}.AppStore|Any CPU.ActiveCfg = Debug|Any CPU
		{9304D18D-F83E-48DA-A5C3-289FC629FEA8}.AppStore|Any CPU.Build.0 = Debug|Any CPU
		{9304D18D-F83E-48DA-A5C3-289FC629FEA8}.AppStore|Any CPU.Deploy.0 = Debug|Any CPU
		{9304D18D-F83E-48DA-A5C3-289FC629FEA8}.AppStore|ARM.ActiveCfg = Debug|Any CPU
		{9304D18D-F83E-48DA-A5C3-289FC629FEA8}.AppStore|ARM.Build.0 = Debug|Any CPU
		{9304D18D-F83E-48DA-A5C3-289FC629FEA8}.AppStore|ARM.Deploy.0 = Debug|Any CPU
		{9304D18D-F83E-48DA-A5C3-289FC629FEA8}.AppStore|iPhone.ActiveCfg = Debug|Any CPU
		{9304D18D-F83E-48DA-A5C3-289FC629FEA8}.AppStore|iPhone.Build.0 = Debug|Any CPU
		{9304D18D-F83E-48DA-A5C3-289FC629FEA8}.AppStore|iPhone.Deploy.0 = Debug|Any CPU
		{9304D18D-F83E-48DA-A5C3-289FC629FEA8}.AppStore|iPhoneSimulator.ActiveCfg = Debug|Any CPU
		{9304D18D-F83E-48DA-A5C3-289FC629FEA8}.AppStore|iPhoneSimulator.Build.0 = Debug|Any CPU
		{9304D18D-F83E-48DA-A5C3-289FC629FEA8}.AppStore|iPhoneSimulator.Deploy.0 = Debug|Any CPU
		{9304D18D-F83E-48DA-A5C3-289FC629FEA8}.AppStore|x64.ActiveCfg = Debug|Any CPU
		{9304D18D-F83E-48DA-A5C3-289FC629FEA8}.AppStore|x64.Build.0 = Debug|Any CPU
		{9304D18D-F83E-48DA-A5C3-289FC629FEA8}.AppStore|x64.Deploy.0 = Debug|Any CPU
		{9304D18D-F83E-48DA-A5C3-289FC629FEA8}.AppStore|x86.ActiveCfg = Debug|Any CPU
		{9304D18D-F83E-48DA-A5C3-289FC629FEA8}.AppStore|x86.Build.0 = Debug|Any CPU
		{9304D18D-F83E-48DA-A5C3-289FC629FEA8}.AppStore|x86.Deploy.0 = Debug|Any CPU
		{9304D18D-F83E-48DA-A5C3-289FC629FEA8}.Debug|Any CPU.ActiveCfg = Debug|Any CPU
		{9304D18D-F83E-48DA-A5C3-289FC629FEA8}.Debug|Any CPU.Build.0 = Debug|Any CPU
		{9304D18D-F83E-48DA-A5C3-289FC629FEA8}.Debug|Any CPU.Deploy.0 = Debug|Any CPU
		{9304D18D-F83E-48DA-A5C3-289FC629FEA8}.Debug|ARM.ActiveCfg = Debug|Any CPU
		{9304D18D-F83E-48DA-A5C3-289FC629FEA8}.Debug|ARM.Build.0 = Debug|Any CPU
		{9304D18D-F83E-48DA-A5C3-289FC629FEA8}.Debug|ARM.Deploy.0 = Debug|Any CPU
		{9304D18D-F83E-48DA-A5C3-289FC629FEA8}.Debug|iPhone.ActiveCfg = Debug|Any CPU
		{9304D18D-F83E-48DA-A5C3-289FC629FEA8}.Debug|iPhone.Build.0 = Debug|Any CPU
		{9304D18D-F83E-48DA-A5C3-289FC629FEA8}.Debug|iPhone.Deploy.0 = Debug|Any CPU
		{9304D18D-F83E-48DA-A5C3-289FC629FEA8}.Debug|iPhoneSimulator.ActiveCfg = Debug|Any CPU
		{9304D18D-F83E-48DA-A5C3-289FC629FEA8}.Debug|iPhoneSimulator.Build.0 = Debug|Any CPU
		{9304D18D-F83E-48DA-A5C3-289FC629FEA8}.Debug|iPhoneSimulator.Deploy.0 = Debug|Any CPU
		{9304D18D-F83E-48DA-A5C3-289FC629FEA8}.Debug|x64.ActiveCfg = Debug|Any CPU
		{9304D18D-F83E-48DA-A5C3-289FC629FEA8}.Debug|x64.Build.0 = Debug|Any CPU
		{9304D18D-F83E-48DA-A5C3-289FC629FEA8}.Debug|x64.Deploy.0 = Debug|Any CPU
		{9304D18D-F83E-48DA-A5C3-289FC629FEA8}.Debug|x86.ActiveCfg = Debug|Any CPU
		{9304D18D-F83E-48DA-A5C3-289FC629FEA8}.Debug|x86.Build.0 = Debug|Any CPU
		{9304D18D-F83E-48DA-A5C3-289FC629FEA8}.Debug|x86.Deploy.0 = Debug|Any CPU
		{9304D18D-F83E-48DA-A5C3-289FC629FEA8}.Release|Any CPU.ActiveCfg = Release|Any CPU
		{9304D18D-F83E-48DA-A5C3-289FC629FEA8}.Release|Any CPU.Build.0 = Release|Any CPU
		{9304D18D-F83E-48DA-A5C3-289FC629FEA8}.Release|Any CPU.Deploy.0 = Release|Any CPU
		{9304D18D-F83E-48DA-A5C3-289FC629FEA8}.Release|ARM.ActiveCfg = Release|Any CPU
		{9304D18D-F83E-48DA-A5C3-289FC629FEA8}.Release|ARM.Build.0 = Release|Any CPU
		{9304D18D-F83E-48DA-A5C3-289FC629FEA8}.Release|ARM.Deploy.0 = Release|Any CPU
		{9304D18D-F83E-48DA-A5C3-289FC629FEA8}.Release|iPhone.ActiveCfg = Release|Any CPU
		{9304D18D-F83E-48DA-A5C3-289FC629FEA8}.Release|iPhone.Build.0 = Release|Any CPU
		{9304D18D-F83E-48DA-A5C3-289FC629FEA8}.Release|iPhone.Deploy.0 = Release|Any CPU
		{9304D18D-F83E-48DA-A5C3-289FC629FEA8}.Release|iPhoneSimulator.ActiveCfg = Release|Any CPU
		{9304D18D-F83E-48DA-A5C3-289FC629FEA8}.Release|iPhoneSimulator.Build.0 = Release|Any CPU
		{9304D18D-F83E-48DA-A5C3-289FC629FEA8}.Release|iPhoneSimulator.Deploy.0 = Release|Any CPU
		{9304D18D-F83E-48DA-A5C3-289FC629FEA8}.Release|x64.ActiveCfg = Release|Any CPU
		{9304D18D-F83E-48DA-A5C3-289FC629FEA8}.Release|x64.Build.0 = Release|Any CPU
		{9304D18D-F83E-48DA-A5C3-289FC629FEA8}.Release|x64.Deploy.0 = Release|Any CPU
		{9304D18D-F83E-48DA-A5C3-289FC629FEA8}.Release|x86.ActiveCfg = Release|Any CPU
		{9304D18D-F83E-48DA-A5C3-289FC629FEA8}.Release|x86.Build.0 = Release|Any CPU
		{9304D18D-F83E-48DA-A5C3-289FC629FEA8}.Release|x86.Deploy.0 = Release|Any CPU
		{E7C4FFB1-A0FA-4218-B1EC-3BCE4187F9AA}.Ad-Hoc|Any CPU.ActiveCfg = Ad-Hoc|iPhoneSimulator
		{E7C4FFB1-A0FA-4218-B1EC-3BCE4187F9AA}.Ad-Hoc|ARM.ActiveCfg = Ad-Hoc|iPhoneSimulator
		{E7C4FFB1-A0FA-4218-B1EC-3BCE4187F9AA}.Ad-Hoc|iPhone.ActiveCfg = Ad-Hoc|iPhone
		{E7C4FFB1-A0FA-4218-B1EC-3BCE4187F9AA}.Ad-Hoc|iPhone.Build.0 = Ad-Hoc|iPhone
		{E7C4FFB1-A0FA-4218-B1EC-3BCE4187F9AA}.Ad-Hoc|iPhoneSimulator.ActiveCfg = Ad-Hoc|iPhoneSimulator
		{E7C4FFB1-A0FA-4218-B1EC-3BCE4187F9AA}.Ad-Hoc|iPhoneSimulator.Build.0 = Ad-Hoc|iPhoneSimulator
		{E7C4FFB1-A0FA-4218-B1EC-3BCE4187F9AA}.Ad-Hoc|x64.ActiveCfg = Ad-Hoc|iPhoneSimulator
		{E7C4FFB1-A0FA-4218-B1EC-3BCE4187F9AA}.Ad-Hoc|x86.ActiveCfg = Ad-Hoc|iPhoneSimulator
		{E7C4FFB1-A0FA-4218-B1EC-3BCE4187F9AA}.AppStore|Any CPU.ActiveCfg = AppStore|iPhoneSimulator
		{E7C4FFB1-A0FA-4218-B1EC-3BCE4187F9AA}.AppStore|ARM.ActiveCfg = AppStore|iPhoneSimulator
		{E7C4FFB1-A0FA-4218-B1EC-3BCE4187F9AA}.AppStore|iPhone.ActiveCfg = AppStore|iPhone
		{E7C4FFB1-A0FA-4218-B1EC-3BCE4187F9AA}.AppStore|iPhone.Build.0 = AppStore|iPhone
		{E7C4FFB1-A0FA-4218-B1EC-3BCE4187F9AA}.AppStore|iPhoneSimulator.ActiveCfg = AppStore|iPhoneSimulator
		{E7C4FFB1-A0FA-4218-B1EC-3BCE4187F9AA}.AppStore|iPhoneSimulator.Build.0 = AppStore|iPhoneSimulator
		{E7C4FFB1-A0FA-4218-B1EC-3BCE4187F9AA}.AppStore|x64.ActiveCfg = AppStore|iPhoneSimulator
		{E7C4FFB1-A0FA-4218-B1EC-3BCE4187F9AA}.AppStore|x86.ActiveCfg = AppStore|iPhoneSimulator
		{E7C4FFB1-A0FA-4218-B1EC-3BCE4187F9AA}.Debug|Any CPU.ActiveCfg = Debug|iPhoneSimulator
		{E7C4FFB1-A0FA-4218-B1EC-3BCE4187F9AA}.Debug|ARM.ActiveCfg = Debug|iPhoneSimulator
		{E7C4FFB1-A0FA-4218-B1EC-3BCE4187F9AA}.Debug|iPhone.ActiveCfg = Debug|iPhone
		{E7C4FFB1-A0FA-4218-B1EC-3BCE4187F9AA}.Debug|iPhone.Build.0 = Debug|iPhone
		{E7C4FFB1-A0FA-4218-B1EC-3BCE4187F9AA}.Debug|iPhoneSimulator.ActiveCfg = Debug|iPhoneSimulator
		{E7C4FFB1-A0FA-4218-B1EC-3BCE4187F9AA}.Debug|iPhoneSimulator.Build.0 = Debug|iPhoneSimulator
		{E7C4FFB1-A0FA-4218-B1EC-3BCE4187F9AA}.Debug|x64.ActiveCfg = Debug|iPhoneSimulator
		{E7C4FFB1-A0FA-4218-B1EC-3BCE4187F9AA}.Debug|x86.ActiveCfg = Debug|iPhoneSimulator
		{E7C4FFB1-A0FA-4218-B1EC-3BCE4187F9AA}.Release|Any CPU.ActiveCfg = Release|iPhoneSimulator
		{E7C4FFB1-A0FA-4218-B1EC-3BCE4187F9AA}.Release|ARM.ActiveCfg = Release|iPhoneSimulator
		{E7C4FFB1-A0FA-4218-B1EC-3BCE4187F9AA}.Release|iPhone.ActiveCfg = Release|iPhone
		{E7C4FFB1-A0FA-4218-B1EC-3BCE4187F9AA}.Release|iPhone.Build.0 = Release|iPhone
		{E7C4FFB1-A0FA-4218-B1EC-3BCE4187F9AA}.Release|iPhoneSimulator.ActiveCfg = Release|iPhoneSimulator
		{E7C4FFB1-A0FA-4218-B1EC-3BCE4187F9AA}.Release|iPhoneSimulator.Build.0 = Release|iPhoneSimulator
		{E7C4FFB1-A0FA-4218-B1EC-3BCE4187F9AA}.Release|x64.ActiveCfg = Release|iPhoneSimulator
		{E7C4FFB1-A0FA-4218-B1EC-3BCE4187F9AA}.Release|x86.ActiveCfg = Release|iPhoneSimulator
		{88ECFDB0-D41F-4F89-A267-DC49EA69E36A}.Ad-Hoc|Any CPU.ActiveCfg = Debug|ARM
		{88ECFDB0-D41F-4F89-A267-DC49EA69E36A}.Ad-Hoc|Any CPU.Build.0 = Debug|ARM
		{88ECFDB0-D41F-4F89-A267-DC49EA69E36A}.Ad-Hoc|Any CPU.Deploy.0 = Debug|ARM
		{88ECFDB0-D41F-4F89-A267-DC49EA69E36A}.Ad-Hoc|ARM.ActiveCfg = Debug|ARM
		{88ECFDB0-D41F-4F89-A267-DC49EA69E36A}.Ad-Hoc|ARM.Build.0 = Debug|ARM
		{88ECFDB0-D41F-4F89-A267-DC49EA69E36A}.Ad-Hoc|ARM.Deploy.0 = Debug|ARM
		{88ECFDB0-D41F-4F89-A267-DC49EA69E36A}.Ad-Hoc|iPhone.ActiveCfg = Debug|ARM
		{88ECFDB0-D41F-4F89-A267-DC49EA69E36A}.Ad-Hoc|iPhone.Build.0 = Debug|ARM
		{88ECFDB0-D41F-4F89-A267-DC49EA69E36A}.Ad-Hoc|iPhone.Deploy.0 = Debug|ARM
		{88ECFDB0-D41F-4F89-A267-DC49EA69E36A}.Ad-Hoc|iPhoneSimulator.ActiveCfg = Debug|ARM
		{88ECFDB0-D41F-4F89-A267-DC49EA69E36A}.Ad-Hoc|iPhoneSimulator.Build.0 = Debug|ARM
		{88ECFDB0-D41F-4F89-A267-DC49EA69E36A}.Ad-Hoc|iPhoneSimulator.Deploy.0 = Debug|ARM
		{88ECFDB0-D41F-4F89-A267-DC49EA69E36A}.Ad-Hoc|x64.ActiveCfg = Debug|x64
		{88ECFDB0-D41F-4F89-A267-DC49EA69E36A}.Ad-Hoc|x64.Build.0 = Debug|x64
		{88ECFDB0-D41F-4F89-A267-DC49EA69E36A}.Ad-Hoc|x64.Deploy.0 = Debug|x64
		{88ECFDB0-D41F-4F89-A267-DC49EA69E36A}.Ad-Hoc|x86.ActiveCfg = Debug|x86
		{88ECFDB0-D41F-4F89-A267-DC49EA69E36A}.Ad-Hoc|x86.Build.0 = Debug|x86
		{88ECFDB0-D41F-4F89-A267-DC49EA69E36A}.Ad-Hoc|x86.Deploy.0 = Debug|x86
		{88ECFDB0-D41F-4F89-A267-DC49EA69E36A}.AppStore|Any CPU.ActiveCfg = Debug|ARM
		{88ECFDB0-D41F-4F89-A267-DC49EA69E36A}.AppStore|Any CPU.Build.0 = Debug|ARM
		{88ECFDB0-D41F-4F89-A267-DC49EA69E36A}.AppStore|Any CPU.Deploy.0 = Debug|ARM
		{88ECFDB0-D41F-4F89-A267-DC49EA69E36A}.AppStore|ARM.ActiveCfg = Debug|ARM
		{88ECFDB0-D41F-4F89-A267-DC49EA69E36A}.AppStore|ARM.Build.0 = Debug|ARM
		{88ECFDB0-D41F-4F89-A267-DC49EA69E36A}.AppStore|ARM.Deploy.0 = Debug|ARM
		{88ECFDB0-D41F-4F89-A267-DC49EA69E36A}.AppStore|iPhone.ActiveCfg = Debug|ARM
		{88ECFDB0-D41F-4F89-A267-DC49EA69E36A}.AppStore|iPhone.Build.0 = Debug|ARM
		{88ECFDB0-D41F-4F89-A267-DC49EA69E36A}.AppStore|iPhone.Deploy.0 = Debug|ARM
		{88ECFDB0-D41F-4F89-A267-DC49EA69E36A}.AppStore|iPhoneSimulator.ActiveCfg = Debug|ARM
		{88ECFDB0-D41F-4F89-A267-DC49EA69E36A}.AppStore|iPhoneSimulator.Build.0 = Debug|ARM
		{88ECFDB0-D41F-4F89-A267-DC49EA69E36A}.AppStore|iPhoneSimulator.Deploy.0 = Debug|ARM
		{88ECFDB0-D41F-4F89-A267-DC49EA69E36A}.AppStore|x64.ActiveCfg = Debug|x64
		{88ECFDB0-D41F-4F89-A267-DC49EA69E36A}.AppStore|x64.Build.0 = Debug|x64
		{88ECFDB0-D41F-4F89-A267-DC49EA69E36A}.AppStore|x64.Deploy.0 = Debug|x64
		{88ECFDB0-D41F-4F89-A267-DC49EA69E36A}.AppStore|x86.ActiveCfg = Debug|x86
		{88ECFDB0-D41F-4F89-A267-DC49EA69E36A}.AppStore|x86.Build.0 = Debug|x86
		{88ECFDB0-D41F-4F89-A267-DC49EA69E36A}.AppStore|x86.Deploy.0 = Debug|x86
		{88ECFDB0-D41F-4F89-A267-DC49EA69E36A}.Debug|Any CPU.ActiveCfg = Debug|x86
		{88ECFDB0-D41F-4F89-A267-DC49EA69E36A}.Debug|ARM.ActiveCfg = Debug|ARM
		{88ECFDB0-D41F-4F89-A267-DC49EA69E36A}.Debug|ARM.Build.0 = Debug|ARM
		{88ECFDB0-D41F-4F89-A267-DC49EA69E36A}.Debug|ARM.Deploy.0 = Debug|ARM
		{88ECFDB0-D41F-4F89-A267-DC49EA69E36A}.Debug|iPhone.ActiveCfg = Debug|x86
		{88ECFDB0-D41F-4F89-A267-DC49EA69E36A}.Debug|iPhoneSimulator.ActiveCfg = Debug|x86
		{88ECFDB0-D41F-4F89-A267-DC49EA69E36A}.Debug|x64.ActiveCfg = Debug|x64
		{88ECFDB0-D41F-4F89-A267-DC49EA69E36A}.Debug|x64.Build.0 = Debug|x64
		{88ECFDB0-D41F-4F89-A267-DC49EA69E36A}.Debug|x64.Deploy.0 = Debug|x64
		{88ECFDB0-D41F-4F89-A267-DC49EA69E36A}.Debug|x86.ActiveCfg = Debug|x86
		{88ECFDB0-D41F-4F89-A267-DC49EA69E36A}.Debug|x86.Build.0 = Debug|x86
		{88ECFDB0-D41F-4F89-A267-DC49EA69E36A}.Debug|x86.Deploy.0 = Debug|x86
		{88ECFDB0-D41F-4F89-A267-DC49EA69E36A}.Release|Any CPU.ActiveCfg = Release|x86
		{88ECFDB0-D41F-4F89-A267-DC49EA69E36A}.Release|ARM.ActiveCfg = Release|ARM
		{88ECFDB0-D41F-4F89-A267-DC49EA69E36A}.Release|ARM.Build.0 = Release|ARM
		{88ECFDB0-D41F-4F89-A267-DC49EA69E36A}.Release|ARM.Deploy.0 = Release|ARM
		{88ECFDB0-D41F-4F89-A267-DC49EA69E36A}.Release|iPhone.ActiveCfg = Release|x86
		{88ECFDB0-D41F-4F89-A267-DC49EA69E36A}.Release|iPhoneSimulator.ActiveCfg = Release|x86
		{88ECFDB0-D41F-4F89-A267-DC49EA69E36A}.Release|x64.ActiveCfg = Release|x64
		{88ECFDB0-D41F-4F89-A267-DC49EA69E36A}.Release|x64.Build.0 = Release|x64
		{88ECFDB0-D41F-4F89-A267-DC49EA69E36A}.Release|x64.Deploy.0 = Release|x64
		{88ECFDB0-D41F-4F89-A267-DC49EA69E36A}.Release|x86.ActiveCfg = Release|x86
		{88ECFDB0-D41F-4F89-A267-DC49EA69E36A}.Release|x86.Build.0 = Release|x86
		{88ECFDB0-D41F-4F89-A267-DC49EA69E36A}.Release|x86.Deploy.0 = Release|x86
		{44EBB577-9195-4F58-A073-D5D87DDCC17A}.Ad-Hoc|Any CPU.ActiveCfg = Debug|ARM
		{44EBB577-9195-4F58-A073-D5D87DDCC17A}.Ad-Hoc|Any CPU.Build.0 = Debug|ARM
		{44EBB577-9195-4F58-A073-D5D87DDCC17A}.Ad-Hoc|Any CPU.Deploy.0 = Debug|ARM
		{44EBB577-9195-4F58-A073-D5D87DDCC17A}.Ad-Hoc|ARM.ActiveCfg = Debug|ARM
		{44EBB577-9195-4F58-A073-D5D87DDCC17A}.Ad-Hoc|ARM.Build.0 = Debug|ARM
		{44EBB577-9195-4F58-A073-D5D87DDCC17A}.Ad-Hoc|ARM.Deploy.0 = Debug|ARM
		{44EBB577-9195-4F58-A073-D5D87DDCC17A}.Ad-Hoc|iPhone.ActiveCfg = Debug|ARM
		{44EBB577-9195-4F58-A073-D5D87DDCC17A}.Ad-Hoc|iPhone.Build.0 = Debug|ARM
		{44EBB577-9195-4F58-A073-D5D87DDCC17A}.Ad-Hoc|iPhone.Deploy.0 = Debug|ARM
		{44EBB577-9195-4F58-A073-D5D87DDCC17A}.Ad-Hoc|iPhoneSimulator.ActiveCfg = Debug|ARM
		{44EBB577-9195-4F58-A073-D5D87DDCC17A}.Ad-Hoc|iPhoneSimulator.Build.0 = Debug|ARM
		{44EBB577-9195-4F58-A073-D5D87DDCC17A}.Ad-Hoc|iPhoneSimulator.Deploy.0 = Debug|ARM
		{44EBB577-9195-4F58-A073-D5D87DDCC17A}.Ad-Hoc|x64.ActiveCfg = Debug|x64
		{44EBB577-9195-4F58-A073-D5D87DDCC17A}.Ad-Hoc|x64.Build.0 = Debug|x64
		{44EBB577-9195-4F58-A073-D5D87DDCC17A}.Ad-Hoc|x64.Deploy.0 = Debug|x64
		{44EBB577-9195-4F58-A073-D5D87DDCC17A}.Ad-Hoc|x86.ActiveCfg = Debug|x86
		{44EBB577-9195-4F58-A073-D5D87DDCC17A}.Ad-Hoc|x86.Build.0 = Debug|x86
		{44EBB577-9195-4F58-A073-D5D87DDCC17A}.Ad-Hoc|x86.Deploy.0 = Debug|x86
		{44EBB577-9195-4F58-A073-D5D87DDCC17A}.AppStore|Any CPU.ActiveCfg = Debug|ARM
		{44EBB577-9195-4F58-A073-D5D87DDCC17A}.AppStore|Any CPU.Build.0 = Debug|ARM
		{44EBB577-9195-4F58-A073-D5D87DDCC17A}.AppStore|Any CPU.Deploy.0 = Debug|ARM
		{44EBB577-9195-4F58-A073-D5D87DDCC17A}.AppStore|ARM.ActiveCfg = Debug|ARM
		{44EBB577-9195-4F58-A073-D5D87DDCC17A}.AppStore|ARM.Build.0 = Debug|ARM
		{44EBB577-9195-4F58-A073-D5D87DDCC17A}.AppStore|ARM.Deploy.0 = Debug|ARM
		{44EBB577-9195-4F58-A073-D5D87DDCC17A}.AppStore|iPhone.ActiveCfg = Debug|ARM
		{44EBB577-9195-4F58-A073-D5D87DDCC17A}.AppStore|iPhone.Build.0 = Debug|ARM
		{44EBB577-9195-4F58-A073-D5D87DDCC17A}.AppStore|iPhone.Deploy.0 = Debug|ARM
		{44EBB577-9195-4F58-A073-D5D87DDCC17A}.AppStore|iPhoneSimulator.ActiveCfg = Debug|ARM
		{44EBB577-9195-4F58-A073-D5D87DDCC17A}.AppStore|iPhoneSimulator.Build.0 = Debug|ARM
		{44EBB577-9195-4F58-A073-D5D87DDCC17A}.AppStore|iPhoneSimulator.Deploy.0 = Debug|ARM
		{44EBB577-9195-4F58-A073-D5D87DDCC17A}.AppStore|x64.ActiveCfg = Debug|x64
		{44EBB577-9195-4F58-A073-D5D87DDCC17A}.AppStore|x64.Build.0 = Debug|x64
		{44EBB577-9195-4F58-A073-D5D87DDCC17A}.AppStore|x64.Deploy.0 = Debug|x64
		{44EBB577-9195-4F58-A073-D5D87DDCC17A}.AppStore|x86.ActiveCfg = Debug|x86
		{44EBB577-9195-4F58-A073-D5D87DDCC17A}.AppStore|x86.Build.0 = Debug|x86
		{44EBB577-9195-4F58-A073-D5D87DDCC17A}.AppStore|x86.Deploy.0 = Debug|x86
		{44EBB577-9195-4F58-A073-D5D87DDCC17A}.Debug|Any CPU.ActiveCfg = Debug|x86
		{44EBB577-9195-4F58-A073-D5D87DDCC17A}.Debug|ARM.ActiveCfg = Debug|ARM
		{44EBB577-9195-4F58-A073-D5D87DDCC17A}.Debug|ARM.Build.0 = Debug|ARM
		{44EBB577-9195-4F58-A073-D5D87DDCC17A}.Debug|ARM.Deploy.0 = Debug|ARM
		{44EBB577-9195-4F58-A073-D5D87DDCC17A}.Debug|iPhone.ActiveCfg = Debug|x86
		{44EBB577-9195-4F58-A073-D5D87DDCC17A}.Debug|iPhoneSimulator.ActiveCfg = Debug|x86
		{44EBB577-9195-4F58-A073-D5D87DDCC17A}.Debug|x64.ActiveCfg = Debug|x64
		{44EBB577-9195-4F58-A073-D5D87DDCC17A}.Debug|x64.Build.0 = Debug|x64
		{44EBB577-9195-4F58-A073-D5D87DDCC17A}.Debug|x64.Deploy.0 = Debug|x64
		{44EBB577-9195-4F58-A073-D5D87DDCC17A}.Debug|x86.ActiveCfg = Debug|x86
		{44EBB577-9195-4F58-A073-D5D87DDCC17A}.Debug|x86.Build.0 = Debug|x86
		{44EBB577-9195-4F58-A073-D5D87DDCC17A}.Debug|x86.Deploy.0 = Debug|x86
		{44EBB577-9195-4F58-A073-D5D87DDCC17A}.Release|Any CPU.ActiveCfg = Release|x86
		{44EBB577-9195-4F58-A073-D5D87DDCC17A}.Release|ARM.ActiveCfg = Release|ARM
		{44EBB577-9195-4F58-A073-D5D87DDCC17A}.Release|ARM.Build.0 = Release|ARM
		{44EBB577-9195-4F58-A073-D5D87DDCC17A}.Release|ARM.Deploy.0 = Release|ARM
		{44EBB577-9195-4F58-A073-D5D87DDCC17A}.Release|iPhone.ActiveCfg = Release|x86
		{44EBB577-9195-4F58-A073-D5D87DDCC17A}.Release|iPhoneSimulator.ActiveCfg = Release|x86
		{44EBB577-9195-4F58-A073-D5D87DDCC17A}.Release|x64.ActiveCfg = Release|x64
		{44EBB577-9195-4F58-A073-D5D87DDCC17A}.Release|x64.Build.0 = Release|x64
		{44EBB577-9195-4F58-A073-D5D87DDCC17A}.Release|x64.Deploy.0 = Release|x64
		{44EBB577-9195-4F58-A073-D5D87DDCC17A}.Release|x86.ActiveCfg = Release|x86
		{44EBB577-9195-4F58-A073-D5D87DDCC17A}.Release|x86.Build.0 = Release|x86
		{44EBB577-9195-4F58-A073-D5D87DDCC17A}.Release|x86.Deploy.0 = Release|x86
		{18D314A0-E646-41F0-973E-DFCFFF42785B}.Ad-Hoc|Any CPU.ActiveCfg = Debug|Any CPU
		{18D314A0-E646-41F0-973E-DFCFFF42785B}.Ad-Hoc|Any CPU.Build.0 = Debug|Any CPU
		{18D314A0-E646-41F0-973E-DFCFFF42785B}.Ad-Hoc|Any CPU.Deploy.0 = Debug|Any CPU
		{18D314A0-E646-41F0-973E-DFCFFF42785B}.Ad-Hoc|ARM.ActiveCfg = Debug|Any CPU
		{18D314A0-E646-41F0-973E-DFCFFF42785B}.Ad-Hoc|ARM.Build.0 = Debug|Any CPU
		{18D314A0-E646-41F0-973E-DFCFFF42785B}.Ad-Hoc|ARM.Deploy.0 = Debug|Any CPU
		{18D314A0-E646-41F0-973E-DFCFFF42785B}.Ad-Hoc|iPhone.ActiveCfg = Debug|Any CPU
		{18D314A0-E646-41F0-973E-DFCFFF42785B}.Ad-Hoc|iPhone.Build.0 = Debug|Any CPU
		{18D314A0-E646-41F0-973E-DFCFFF42785B}.Ad-Hoc|iPhone.Deploy.0 = Debug|Any CPU
		{18D314A0-E646-41F0-973E-DFCFFF42785B}.Ad-Hoc|iPhoneSimulator.ActiveCfg = Debug|Any CPU
		{18D314A0-E646-41F0-973E-DFCFFF42785B}.Ad-Hoc|iPhoneSimulator.Build.0 = Debug|Any CPU
		{18D314A0-E646-41F0-973E-DFCFFF42785B}.Ad-Hoc|iPhoneSimulator.Deploy.0 = Debug|Any CPU
		{18D314A0-E646-41F0-973E-DFCFFF42785B}.Ad-Hoc|x64.ActiveCfg = Debug|Any CPU
		{18D314A0-E646-41F0-973E-DFCFFF42785B}.Ad-Hoc|x64.Build.0 = Debug|Any CPU
		{18D314A0-E646-41F0-973E-DFCFFF42785B}.Ad-Hoc|x64.Deploy.0 = Debug|Any CPU
		{18D314A0-E646-41F0-973E-DFCFFF42785B}.Ad-Hoc|x86.ActiveCfg = Debug|Any CPU
		{18D314A0-E646-41F0-973E-DFCFFF42785B}.Ad-Hoc|x86.Build.0 = Debug|Any CPU
		{18D314A0-E646-41F0-973E-DFCFFF42785B}.Ad-Hoc|x86.Deploy.0 = Debug|Any CPU
		{18D314A0-E646-41F0-973E-DFCFFF42785B}.AppStore|Any CPU.ActiveCfg = Debug|Any CPU
		{18D314A0-E646-41F0-973E-DFCFFF42785B}.AppStore|Any CPU.Build.0 = Debug|Any CPU
		{18D314A0-E646-41F0-973E-DFCFFF42785B}.AppStore|Any CPU.Deploy.0 = Debug|Any CPU
		{18D314A0-E646-41F0-973E-DFCFFF42785B}.AppStore|ARM.ActiveCfg = Debug|Any CPU
		{18D314A0-E646-41F0-973E-DFCFFF42785B}.AppStore|ARM.Build.0 = Debug|Any CPU
		{18D314A0-E646-41F0-973E-DFCFFF42785B}.AppStore|ARM.Deploy.0 = Debug|Any CPU
		{18D314A0-E646-41F0-973E-DFCFFF42785B}.AppStore|iPhone.ActiveCfg = Debug|Any CPU
		{18D314A0-E646-41F0-973E-DFCFFF42785B}.AppStore|iPhone.Build.0 = Debug|Any CPU
		{18D314A0-E646-41F0-973E-DFCFFF42785B}.AppStore|iPhone.Deploy.0 = Debug|Any CPU
		{18D314A0-E646-41F0-973E-DFCFFF42785B}.AppStore|iPhoneSimulator.ActiveCfg = Debug|Any CPU
		{18D314A0-E646-41F0-973E-DFCFFF42785B}.AppStore|iPhoneSimulator.Build.0 = Debug|Any CPU
		{18D314A0-E646-41F0-973E-DFCFFF42785B}.AppStore|iPhoneSimulator.Deploy.0 = Debug|Any CPU
		{18D314A0-E646-41F0-973E-DFCFFF42785B}.AppStore|x64.ActiveCfg = Debug|Any CPU
		{18D314A0-E646-41F0-973E-DFCFFF42785B}.AppStore|x64.Build.0 = Debug|Any CPU
		{18D314A0-E646-41F0-973E-DFCFFF42785B}.AppStore|x64.Deploy.0 = Debug|Any CPU
		{18D314A0-E646-41F0-973E-DFCFFF42785B}.AppStore|x86.ActiveCfg = Debug|Any CPU
		{18D314A0-E646-41F0-973E-DFCFFF42785B}.AppStore|x86.Build.0 = Debug|Any CPU
		{18D314A0-E646-41F0-973E-DFCFFF42785B}.AppStore|x86.Deploy.0 = Debug|Any CPU
		{18D314A0-E646-41F0-973E-DFCFFF42785B}.Debug|Any CPU.ActiveCfg = Debug|Any CPU
		{18D314A0-E646-41F0-973E-DFCFFF42785B}.Debug|Any CPU.Build.0 = Debug|Any CPU
		{18D314A0-E646-41F0-973E-DFCFFF42785B}.Debug|Any CPU.Deploy.0 = Debug|Any CPU
		{18D314A0-E646-41F0-973E-DFCFFF42785B}.Debug|ARM.ActiveCfg = Debug|Any CPU
		{18D314A0-E646-41F0-973E-DFCFFF42785B}.Debug|ARM.Build.0 = Debug|Any CPU
		{18D314A0-E646-41F0-973E-DFCFFF42785B}.Debug|ARM.Deploy.0 = Debug|Any CPU
		{18D314A0-E646-41F0-973E-DFCFFF42785B}.Debug|iPhone.ActiveCfg = Debug|Any CPU
		{18D314A0-E646-41F0-973E-DFCFFF42785B}.Debug|iPhone.Build.0 = Debug|Any CPU
		{18D314A0-E646-41F0-973E-DFCFFF42785B}.Debug|iPhone.Deploy.0 = Debug|Any CPU
		{18D314A0-E646-41F0-973E-DFCFFF42785B}.Debug|iPhoneSimulator.ActiveCfg = Debug|Any CPU
		{18D314A0-E646-41F0-973E-DFCFFF42785B}.Debug|iPhoneSimulator.Build.0 = Debug|Any CPU
		{18D314A0-E646-41F0-973E-DFCFFF42785B}.Debug|iPhoneSimulator.Deploy.0 = Debug|Any CPU
		{18D314A0-E646-41F0-973E-DFCFFF42785B}.Debug|x64.ActiveCfg = Debug|Any CPU
		{18D314A0-E646-41F0-973E-DFCFFF42785B}.Debug|x64.Build.0 = Debug|Any CPU
		{18D314A0-E646-41F0-973E-DFCFFF42785B}.Debug|x64.Deploy.0 = Debug|Any CPU
		{18D314A0-E646-41F0-973E-DFCFFF42785B}.Debug|x86.ActiveCfg = Debug|Any CPU
		{18D314A0-E646-41F0-973E-DFCFFF42785B}.Debug|x86.Build.0 = Debug|Any CPU
		{18D314A0-E646-41F0-973E-DFCFFF42785B}.Debug|x86.Deploy.0 = Debug|Any CPU
		{18D314A0-E646-41F0-973E-DFCFFF42785B}.Release|Any CPU.ActiveCfg = Release|Any CPU
		{18D314A0-E646-41F0-973E-DFCFFF42785B}.Release|Any CPU.Build.0 = Release|Any CPU
		{18D314A0-E646-41F0-973E-DFCFFF42785B}.Release|Any CPU.Deploy.0 = Release|Any CPU
		{18D314A0-E646-41F0-973E-DFCFFF42785B}.Release|ARM.ActiveCfg = Release|Any CPU
		{18D314A0-E646-41F0-973E-DFCFFF42785B}.Release|ARM.Build.0 = Release|Any CPU
		{18D314A0-E646-41F0-973E-DFCFFF42785B}.Release|ARM.Deploy.0 = Release|Any CPU
		{18D314A0-E646-41F0-973E-DFCFFF42785B}.Release|iPhone.ActiveCfg = Release|Any CPU
		{18D314A0-E646-41F0-973E-DFCFFF42785B}.Release|iPhone.Build.0 = Release|Any CPU
		{18D314A0-E646-41F0-973E-DFCFFF42785B}.Release|iPhone.Deploy.0 = Release|Any CPU
		{18D314A0-E646-41F0-973E-DFCFFF42785B}.Release|iPhoneSimulator.ActiveCfg = Release|Any CPU
		{18D314A0-E646-41F0-973E-DFCFFF42785B}.Release|iPhoneSimulator.Build.0 = Release|Any CPU
		{18D314A0-E646-41F0-973E-DFCFFF42785B}.Release|iPhoneSimulator.Deploy.0 = Release|Any CPU
		{18D314A0-E646-41F0-973E-DFCFFF42785B}.Release|x64.ActiveCfg = Release|Any CPU
		{18D314A0-E646-41F0-973E-DFCFFF42785B}.Release|x64.Build.0 = Release|Any CPU
		{18D314A0-E646-41F0-973E-DFCFFF42785B}.Release|x64.Deploy.0 = Release|Any CPU
		{18D314A0-E646-41F0-973E-DFCFFF42785B}.Release|x86.ActiveCfg = Release|Any CPU
		{18D314A0-E646-41F0-973E-DFCFFF42785B}.Release|x86.Build.0 = Release|Any CPU
		{18D314A0-E646-41F0-973E-DFCFFF42785B}.Release|x86.Deploy.0 = Release|Any CPU
		{2704BA4E-FB29-400B-8AE0-9E53F1F4F33C}.Ad-Hoc|Any CPU.ActiveCfg = Debug|iPhoneSimulator
		{2704BA4E-FB29-400B-8AE0-9E53F1F4F33C}.Ad-Hoc|Any CPU.Build.0 = Debug|iPhoneSimulator
		{2704BA4E-FB29-400B-8AE0-9E53F1F4F33C}.Ad-Hoc|ARM.ActiveCfg = Debug|iPhoneSimulator
		{2704BA4E-FB29-400B-8AE0-9E53F1F4F33C}.Ad-Hoc|ARM.Build.0 = Debug|iPhoneSimulator
		{2704BA4E-FB29-400B-8AE0-9E53F1F4F33C}.Ad-Hoc|iPhone.ActiveCfg = Debug|iPhone
		{2704BA4E-FB29-400B-8AE0-9E53F1F4F33C}.Ad-Hoc|iPhone.Build.0 = Debug|iPhone
		{2704BA4E-FB29-400B-8AE0-9E53F1F4F33C}.Ad-Hoc|iPhoneSimulator.ActiveCfg = Debug|iPhoneSimulator
		{2704BA4E-FB29-400B-8AE0-9E53F1F4F33C}.Ad-Hoc|iPhoneSimulator.Build.0 = Debug|iPhoneSimulator
		{2704BA4E-FB29-400B-8AE0-9E53F1F4F33C}.Ad-Hoc|x64.ActiveCfg = Debug|iPhoneSimulator
		{2704BA4E-FB29-400B-8AE0-9E53F1F4F33C}.Ad-Hoc|x64.Build.0 = Debug|iPhoneSimulator
		{2704BA4E-FB29-400B-8AE0-9E53F1F4F33C}.Ad-Hoc|x86.ActiveCfg = Debug|iPhoneSimulator
		{2704BA4E-FB29-400B-8AE0-9E53F1F4F33C}.Ad-Hoc|x86.Build.0 = Debug|iPhoneSimulator
		{2704BA4E-FB29-400B-8AE0-9E53F1F4F33C}.AppStore|Any CPU.ActiveCfg = Debug|iPhoneSimulator
		{2704BA4E-FB29-400B-8AE0-9E53F1F4F33C}.AppStore|Any CPU.Build.0 = Debug|iPhoneSimulator
		{2704BA4E-FB29-400B-8AE0-9E53F1F4F33C}.AppStore|ARM.ActiveCfg = Debug|iPhoneSimulator
		{2704BA4E-FB29-400B-8AE0-9E53F1F4F33C}.AppStore|ARM.Build.0 = Debug|iPhoneSimulator
		{2704BA4E-FB29-400B-8AE0-9E53F1F4F33C}.AppStore|iPhone.ActiveCfg = Debug|iPhone
		{2704BA4E-FB29-400B-8AE0-9E53F1F4F33C}.AppStore|iPhone.Build.0 = Debug|iPhone
		{2704BA4E-FB29-400B-8AE0-9E53F1F4F33C}.AppStore|iPhoneSimulator.ActiveCfg = Debug|iPhoneSimulator
		{2704BA4E-FB29-400B-8AE0-9E53F1F4F33C}.AppStore|iPhoneSimulator.Build.0 = Debug|iPhoneSimulator
		{2704BA4E-FB29-400B-8AE0-9E53F1F4F33C}.AppStore|x64.ActiveCfg = Debug|iPhoneSimulator
		{2704BA4E-FB29-400B-8AE0-9E53F1F4F33C}.AppStore|x64.Build.0 = Debug|iPhoneSimulator
		{2704BA4E-FB29-400B-8AE0-9E53F1F4F33C}.AppStore|x86.ActiveCfg = Debug|iPhoneSimulator
		{2704BA4E-FB29-400B-8AE0-9E53F1F4F33C}.AppStore|x86.Build.0 = Debug|iPhoneSimulator
		{2704BA4E-FB29-400B-8AE0-9E53F1F4F33C}.Debug|Any CPU.ActiveCfg = Debug|iPhoneSimulator
		{2704BA4E-FB29-400B-8AE0-9E53F1F4F33C}.Debug|ARM.ActiveCfg = Debug|iPhoneSimulator
		{2704BA4E-FB29-400B-8AE0-9E53F1F4F33C}.Debug|iPhone.ActiveCfg = Debug|iPhone
		{2704BA4E-FB29-400B-8AE0-9E53F1F4F33C}.Debug|iPhone.Build.0 = Debug|iPhone
		{2704BA4E-FB29-400B-8AE0-9E53F1F4F33C}.Debug|iPhoneSimulator.ActiveCfg = Debug|iPhoneSimulator
		{2704BA4E-FB29-400B-8AE0-9E53F1F4F33C}.Debug|iPhoneSimulator.Build.0 = Debug|iPhoneSimulator
		{2704BA4E-FB29-400B-8AE0-9E53F1F4F33C}.Debug|x64.ActiveCfg = Debug|iPhoneSimulator
		{2704BA4E-FB29-400B-8AE0-9E53F1F4F33C}.Debug|x86.ActiveCfg = Debug|iPhoneSimulator
		{2704BA4E-FB29-400B-8AE0-9E53F1F4F33C}.Release|Any CPU.ActiveCfg = Release|iPhoneSimulator
		{2704BA4E-FB29-400B-8AE0-9E53F1F4F33C}.Release|ARM.ActiveCfg = Release|iPhoneSimulator
		{2704BA4E-FB29-400B-8AE0-9E53F1F4F33C}.Release|iPhone.ActiveCfg = Release|iPhone
		{2704BA4E-FB29-400B-8AE0-9E53F1F4F33C}.Release|iPhone.Build.0 = Release|iPhone
		{2704BA4E-FB29-400B-8AE0-9E53F1F4F33C}.Release|iPhoneSimulator.ActiveCfg = Release|iPhoneSimulator
		{2704BA4E-FB29-400B-8AE0-9E53F1F4F33C}.Release|iPhoneSimulator.Build.0 = Release|iPhoneSimulator
		{2704BA4E-FB29-400B-8AE0-9E53F1F4F33C}.Release|x64.ActiveCfg = Release|iPhoneSimulator
		{2704BA4E-FB29-400B-8AE0-9E53F1F4F33C}.Release|x86.ActiveCfg = Release|iPhoneSimulator
		{922AA2B6-7215-4DFA-B487-9F8ED32074AC}.Ad-Hoc|Any CPU.ActiveCfg = Debug|Any CPU
		{922AA2B6-7215-4DFA-B487-9F8ED32074AC}.Ad-Hoc|Any CPU.Build.0 = Debug|Any CPU
		{922AA2B6-7215-4DFA-B487-9F8ED32074AC}.Ad-Hoc|ARM.ActiveCfg = Debug|Any CPU
		{922AA2B6-7215-4DFA-B487-9F8ED32074AC}.Ad-Hoc|ARM.Build.0 = Debug|Any CPU
		{922AA2B6-7215-4DFA-B487-9F8ED32074AC}.Ad-Hoc|iPhone.ActiveCfg = Debug|Any CPU
		{922AA2B6-7215-4DFA-B487-9F8ED32074AC}.Ad-Hoc|iPhone.Build.0 = Debug|Any CPU
		{922AA2B6-7215-4DFA-B487-9F8ED32074AC}.Ad-Hoc|iPhoneSimulator.ActiveCfg = Debug|Any CPU
		{922AA2B6-7215-4DFA-B487-9F8ED32074AC}.Ad-Hoc|iPhoneSimulator.Build.0 = Debug|Any CPU
		{922AA2B6-7215-4DFA-B487-9F8ED32074AC}.Ad-Hoc|x64.ActiveCfg = Debug|Any CPU
		{922AA2B6-7215-4DFA-B487-9F8ED32074AC}.Ad-Hoc|x64.Build.0 = Debug|Any CPU
		{922AA2B6-7215-4DFA-B487-9F8ED32074AC}.Ad-Hoc|x86.ActiveCfg = Debug|Any CPU
		{922AA2B6-7215-4DFA-B487-9F8ED32074AC}.Ad-Hoc|x86.Build.0 = Debug|Any CPU
		{922AA2B6-7215-4DFA-B487-9F8ED32074AC}.AppStore|Any CPU.ActiveCfg = Debug|Any CPU
		{922AA2B6-7215-4DFA-B487-9F8ED32074AC}.AppStore|Any CPU.Build.0 = Debug|Any CPU
		{922AA2B6-7215-4DFA-B487-9F8ED32074AC}.AppStore|ARM.ActiveCfg = Debug|Any CPU
		{922AA2B6-7215-4DFA-B487-9F8ED32074AC}.AppStore|ARM.Build.0 = Debug|Any CPU
		{922AA2B6-7215-4DFA-B487-9F8ED32074AC}.AppStore|iPhone.ActiveCfg = Debug|Any CPU
		{922AA2B6-7215-4DFA-B487-9F8ED32074AC}.AppStore|iPhone.Build.0 = Debug|Any CPU
		{922AA2B6-7215-4DFA-B487-9F8ED32074AC}.AppStore|iPhoneSimulator.ActiveCfg = Debug|Any CPU
		{922AA2B6-7215-4DFA-B487-9F8ED32074AC}.AppStore|iPhoneSimulator.Build.0 = Debug|Any CPU
		{922AA2B6-7215-4DFA-B487-9F8ED32074AC}.AppStore|x64.ActiveCfg = Debug|Any CPU
		{922AA2B6-7215-4DFA-B487-9F8ED32074AC}.AppStore|x64.Build.0 = Debug|Any CPU
		{922AA2B6-7215-4DFA-B487-9F8ED32074AC}.AppStore|x86.ActiveCfg = Debug|Any CPU
		{922AA2B6-7215-4DFA-B487-9F8ED32074AC}.AppStore|x86.Build.0 = Debug|Any CPU
		{922AA2B6-7215-4DFA-B487-9F8ED32074AC}.Debug|Any CPU.ActiveCfg = Debug|Any CPU
		{922AA2B6-7215-4DFA-B487-9F8ED32074AC}.Debug|Any CPU.Build.0 = Debug|Any CPU
		{922AA2B6-7215-4DFA-B487-9F8ED32074AC}.Debug|ARM.ActiveCfg = Debug|Any CPU
		{922AA2B6-7215-4DFA-B487-9F8ED32074AC}.Debug|ARM.Build.0 = Debug|Any CPU
		{922AA2B6-7215-4DFA-B487-9F8ED32074AC}.Debug|iPhone.ActiveCfg = Debug|Any CPU
		{922AA2B6-7215-4DFA-B487-9F8ED32074AC}.Debug|iPhone.Build.0 = Debug|Any CPU
		{922AA2B6-7215-4DFA-B487-9F8ED32074AC}.Debug|iPhoneSimulator.ActiveCfg = Debug|Any CPU
		{922AA2B6-7215-4DFA-B487-9F8ED32074AC}.Debug|iPhoneSimulator.Build.0 = Debug|Any CPU
		{922AA2B6-7215-4DFA-B487-9F8ED32074AC}.Debug|x64.ActiveCfg = Debug|Any CPU
		{922AA2B6-7215-4DFA-B487-9F8ED32074AC}.Debug|x64.Build.0 = Debug|Any CPU
		{922AA2B6-7215-4DFA-B487-9F8ED32074AC}.Debug|x86.ActiveCfg = Debug|Any CPU
		{922AA2B6-7215-4DFA-B487-9F8ED32074AC}.Debug|x86.Build.0 = Debug|Any CPU
		{922AA2B6-7215-4DFA-B487-9F8ED32074AC}.Release|Any CPU.ActiveCfg = Release|Any CPU
		{922AA2B6-7215-4DFA-B487-9F8ED32074AC}.Release|Any CPU.Build.0 = Release|Any CPU
		{922AA2B6-7215-4DFA-B487-9F8ED32074AC}.Release|ARM.ActiveCfg = Release|Any CPU
		{922AA2B6-7215-4DFA-B487-9F8ED32074AC}.Release|ARM.Build.0 = Release|Any CPU
		{922AA2B6-7215-4DFA-B487-9F8ED32074AC}.Release|iPhone.ActiveCfg = Release|Any CPU
		{922AA2B6-7215-4DFA-B487-9F8ED32074AC}.Release|iPhone.Build.0 = Release|Any CPU
		{922AA2B6-7215-4DFA-B487-9F8ED32074AC}.Release|iPhoneSimulator.ActiveCfg = Release|Any CPU
		{922AA2B6-7215-4DFA-B487-9F8ED32074AC}.Release|iPhoneSimulator.Build.0 = Release|Any CPU
		{922AA2B6-7215-4DFA-B487-9F8ED32074AC}.Release|x64.ActiveCfg = Release|Any CPU
		{922AA2B6-7215-4DFA-B487-9F8ED32074AC}.Release|x64.Build.0 = Release|Any CPU
		{922AA2B6-7215-4DFA-B487-9F8ED32074AC}.Release|x86.ActiveCfg = Release|Any CPU
		{922AA2B6-7215-4DFA-B487-9F8ED32074AC}.Release|x86.Build.0 = Release|Any CPU
	EndGlobalSection
	GlobalSection(SolutionProperties) = preSolution
		HideSolutionNode = FALSE
	EndGlobalSection
	GlobalSection(ExtensibilityGlobals) = postSolution
		SolutionGuid = {9F30E11D-8A23-411D-AABA-7997CD5453B7}
	EndGlobalSection
EndGlobal
