
Microsoft Visual Studio Solution File, Format Version 12.00
# Visual Studio Version 16
VisualStudioVersion = 16.0.30717.126
MinimumVisualStudioVersion = 10.0.40219.1
Project("{FAE04EC0-301F-11D3-BF4B-00C04F79EFBC}") = "XamarinTodo.UWP", "XamarinTodo\XamarinTodo.UWP\XamarinTodo.UWP.csproj", "{9B112B19-B130-4418-B1CD-51B3554F237E}"
EndProject
Project("{FAE04EC0-301F-11D3-BF4B-00C04F79EFBC}") = "XamarinTodo.Android", "XamarinTodo\XamarinTodo.Android\XamarinTodo.Android.csproj", "{3310E2A9-3825-4812-AAE2-D2BD5A0CDFE2}"
EndProject
Project("{FAE04EC0-301F-11D3-BF4B-00C04F79EFBC}") = "XamarinTodo.iOS", "XamarinTodo\XamarinTodo.iOS\XamarinTodo.iOS.csproj", "{07956F2F-9A33-424B-9AF6-DDCA052EC240}"
EndProject
Project("{9A19103F-16F7-4668-BE54-9A1E7A4F7556}") = "XamarinTodo", "XamarinTodo\XamarinTodo\XamarinTodo.csproj", "{3A6DDDAB-0127-46E6-B370-AE23AE2E970A}"
EndProject
Project("{FAE04EC0-301F-11D3-BF4B-00C04F79EFBC}") = "XamarinTodo.UseCase", "XamarinTodo.UseCase\XamarinTodo.UseCase.csproj", "{AA3B5A2B-52B9-4F64-B4CF-F7AD9115B3EA}"
EndProject
Project("{FAE04EC0-301F-11D3-BF4B-00C04F79EFBC}") = "XamarinTodo.Domain", "XamarinTodo.Domain\XamarinTodo.Domain.csproj", "{8895847E-264E-41F9-BF2F-0FF46498B8A6}"
EndProject
Project("{FAE04EC0-301F-11D3-BF4B-00C04F79EFBC}") = "XamarinTodo.SQLite", "XamarinTodo.SQLite\XamarinTodo.SQLite.csproj", "{7111D263-A30D-4343-8EB6-68397428BFBF}"
EndProject
Global
	GlobalSection(SolutionConfigurationPlatforms) = preSolution
		Debug|Any CPU = Debug|Any CPU
		Debug|ARM = Debug|ARM
		Debug|iPhone = Debug|iPhone
		Debug|iPhoneSimulator = Debug|iPhoneSimulator
		Debug|x64 = Debug|x64
		Debug|x86 = Debug|x86
		Release|Any CPU = Release|Any CPU
		Release|ARM = Release|ARM
		Release|iPhone = Release|iPhone
		Release|iPhoneSimulator = Release|iPhoneSimulator
		Release|x64 = Release|x64
		Release|x86 = Release|x86
	EndGlobalSection
	GlobalSection(ProjectConfigurationPlatforms) = postSolution
		{9B112B19-B130-4418-B1CD-51B3554F237E}.Debug|Any CPU.ActiveCfg = Debug|x86
		{9B112B19-B130-4418-B1CD-51B3554F237E}.Debug|Any CPU.Build.0 = Debug|x86
		{9B112B19-B130-4418-B1CD-51B3554F237E}.Debug|Any CPU.Deploy.0 = Debug|x86
		{9B112B19-B130-4418-B1CD-51B3554F237E}.Debug|ARM.ActiveCfg = Debug|ARM
		{9B112B19-B130-4418-B1CD-51B3554F237E}.Debug|ARM.Build.0 = Debug|ARM
		{9B112B19-B130-4418-B1CD-51B3554F237E}.Debug|ARM.Deploy.0 = Debug|ARM
		{9B112B19-B130-4418-B1CD-51B3554F237E}.Debug|iPhone.ActiveCfg = Debug|x86
		{9B112B19-B130-4418-B1CD-51B3554F237E}.Debug|iPhone.Build.0 = Debug|x86
		{9B112B19-B130-4418-B1CD-51B3554F237E}.Debug|iPhone.Deploy.0 = Debug|x86
		{9B112B19-B130-4418-B1CD-51B3554F237E}.Debug|iPhoneSimulator.ActiveCfg = Debug|x86
		{9B112B19-B130-4418-B1CD-51B3554F237E}.Debug|iPhoneSimulator.Build.0 = Debug|x86
		{9B112B19-B130-4418-B1CD-51B3554F237E}.Debug|iPhoneSimulator.Deploy.0 = Debug|x86
		{9B112B19-B130-4418-B1CD-51B3554F237E}.Debug|x64.ActiveCfg = Debug|x64
		{9B112B19-B130-4418-B1CD-51B3554F237E}.Debug|x64.Build.0 = Debug|x64
		{9B112B19-B130-4418-B1CD-51B3554F237E}.Debug|x64.Deploy.0 = Debug|x64
		{9B112B19-B130-4418-B1CD-51B3554F237E}.Debug|x86.ActiveCfg = Debug|x86
		{9B112B19-B130-4418-B1CD-51B3554F237E}.Debug|x86.Build.0 = Debug|x86
		{9B112B19-B130-4418-B1CD-51B3554F237E}.Debug|x86.Deploy.0 = Debug|x86
		{9B112B19-B130-4418-B1CD-51B3554F237E}.Release|Any CPU.ActiveCfg = Release|x86
		{9B112B19-B130-4418-B1CD-51B3554F237E}.Release|Any CPU.Build.0 = Release|x86
		{9B112B19-B130-4418-B1CD-51B3554F237E}.Release|Any CPU.Deploy.0 = Release|x86
		{9B112B19-B130-4418-B1CD-51B3554F237E}.Release|ARM.ActiveCfg = Release|ARM
		{9B112B19-B130-4418-B1CD-51B3554F237E}.Release|ARM.Build.0 = Release|ARM
		{9B112B19-B130-4418-B1CD-51B3554F237E}.Release|ARM.Deploy.0 = Release|ARM
		{9B112B19-B130-4418-B1CD-51B3554F237E}.Release|iPhone.ActiveCfg = Release|x86
		{9B112B19-B130-4418-B1CD-51B3554F237E}.Release|iPhone.Build.0 = Release|x86
		{9B112B19-B130-4418-B1CD-51B3554F237E}.Release|iPhone.Deploy.0 = Release|x86
		{9B112B19-B130-4418-B1CD-51B3554F237E}.Release|iPhoneSimulator.ActiveCfg = Release|x86
		{9B112B19-B130-4418-B1CD-51B3554F237E}.Release|iPhoneSimulator.Build.0 = Release|x86
		{9B112B19-B130-4418-B1CD-51B3554F237E}.Release|iPhoneSimulator.Deploy.0 = Release|x86
		{9B112B19-B130-4418-B1CD-51B3554F237E}.Release|x64.ActiveCfg = Release|x64
		{9B112B19-B130-4418-B1CD-51B3554F237E}.Release|x64.Build.0 = Release|x64
		{9B112B19-B130-4418-B1CD-51B3554F237E}.Release|x64.Deploy.0 = Release|x64
		{9B112B19-B130-4418-B1CD-51B3554F237E}.Release|x86.ActiveCfg = Release|x86
		{9B112B19-B130-4418-B1CD-51B3554F237E}.Release|x86.Build.0 = Release|x86
		{9B112B19-B130-4418-B1CD-51B3554F237E}.Release|x86.Deploy.0 = Release|x86
		{3310E2A9-3825-4812-AAE2-D2BD5A0CDFE2}.Debug|Any CPU.ActiveCfg = Debug|Any CPU
		{3310E2A9-3825-4812-AAE2-D2BD5A0CDFE2}.Debug|Any CPU.Build.0 = Debug|Any CPU
		{3310E2A9-3825-4812-AAE2-D2BD5A0CDFE2}.Debug|Any CPU.Deploy.0 = Debug|Any CPU
		{3310E2A9-3825-4812-AAE2-D2BD5A0CDFE2}.Debug|ARM.ActiveCfg = Debug|Any CPU
		{3310E2A9-3825-4812-AAE2-D2BD5A0CDFE2}.Debug|ARM.Build.0 = Debug|Any CPU
		{3310E2A9-3825-4812-AAE2-D2BD5A0CDFE2}.Debug|ARM.Deploy.0 = Debug|Any CPU
		{3310E2A9-3825-4812-AAE2-D2BD5A0CDFE2}.Debug|iPhone.ActiveCfg = Debug|Any CPU
		{3310E2A9-3825-4812-AAE2-D2BD5A0CDFE2}.Debug|iPhone.Build.0 = Debug|Any CPU
		{3310E2A9-3825-4812-AAE2-D2BD5A0CDFE2}.Debug|iPhone.Deploy.0 = Debug|Any CPU
		{3310E2A9-3825-4812-AAE2-D2BD5A0CDFE2}.Debug|iPhoneSimulator.ActiveCfg = Debug|Any CPU
		{3310E2A9-3825-4812-AAE2-D2BD5A0CDFE2}.Debug|iPhoneSimulator.Build.0 = Debug|Any CPU
		{3310E2A9-3825-4812-AAE2-D2BD5A0CDFE2}.Debug|iPhoneSimulator.Deploy.0 = Debug|Any CPU
		{3310E2A9-3825-4812-AAE2-D2BD5A0CDFE2}.Debug|x64.ActiveCfg = Debug|Any CPU
		{3310E2A9-3825-4812-AAE2-D2BD5A0CDFE2}.Debug|x64.Build.0 = Debug|Any CPU
		{3310E2A9-3825-4812-AAE2-D2BD5A0CDFE2}.Debug|x64.Deploy.0 = Debug|Any CPU
		{3310E2A9-3825-4812-AAE2-D2BD5A0CDFE2}.Debug|x86.ActiveCfg = Debug|Any CPU
		{3310E2A9-3825-4812-AAE2-D2BD5A0CDFE2}.Debug|x86.Build.0 = Debug|Any CPU
		{3310E2A9-3825-4812-AAE2-D2BD5A0CDFE2}.Debug|x86.Deploy.0 = Debug|Any CPU
		{3310E2A9-3825-4812-AAE2-D2BD5A0CDFE2}.Release|Any CPU.ActiveCfg = Release|Any CPU
		{3310E2A9-3825-4812-AAE2-D2BD5A0CDFE2}.Release|Any CPU.Build.0 = Release|Any CPU
		{3310E2A9-3825-4812-AAE2-D2BD5A0CDFE2}.Release|Any CPU.Deploy.0 = Release|Any CPU
		{3310E2A9-3825-4812-AAE2-D2BD5A0CDFE2}.Release|ARM.ActiveCfg = Release|Any CPU
		{3310E2A9-3825-4812-AAE2-D2BD5A0CDFE2}.Release|ARM.Build.0 = Release|Any CPU
		{3310E2A9-3825-4812-AAE2-D2BD5A0CDFE2}.Release|ARM.Deploy.0 = Release|Any CPU
		{3310E2A9-3825-4812-AAE2-D2BD5A0CDFE2}.Release|iPhone.ActiveCfg = Release|Any CPU
		{3310E2A9-3825-4812-AAE2-D2BD5A0CDFE2}.Release|iPhone.Build.0 = Release|Any CPU
		{3310E2A9-3825-4812-AAE2-D2BD5A0CDFE2}.Release|iPhone.Deploy.0 = Release|Any CPU
		{3310E2A9-3825-4812-AAE2-D2BD5A0CDFE2}.Release|iPhoneSimulator.ActiveCfg = Release|Any CPU
		{3310E2A9-3825-4812-AAE2-D2BD5A0CDFE2}.Release|iPhoneSimulator.Build.0 = Release|Any CPU
		{3310E2A9-3825-4812-AAE2-D2BD5A0CDFE2}.Release|iPhoneSimulator.Deploy.0 = Release|Any CPU
		{3310E2A9-3825-4812-AAE2-D2BD5A0CDFE2}.Release|x64.ActiveCfg = Release|Any CPU
		{3310E2A9-3825-4812-AAE2-D2BD5A0CDFE2}.Release|x64.Build.0 = Release|Any CPU
		{3310E2A9-3825-4812-AAE2-D2BD5A0CDFE2}.Release|x64.Deploy.0 = Release|Any CPU
		{3310E2A9-3825-4812-AAE2-D2BD5A0CDFE2}.Release|x86.ActiveCfg = Release|Any CPU
		{3310E2A9-3825-4812-AAE2-D2BD5A0CDFE2}.Release|x86.Build.0 = Release|Any CPU
		{3310E2A9-3825-4812-AAE2-D2BD5A0CDFE2}.Release|x86.Deploy.0 = Release|Any CPU
		{07956F2F-9A33-424B-9AF6-DDCA052EC240}.Debug|Any CPU.ActiveCfg = Debug|iPhoneSimulator
		{07956F2F-9A33-424B-9AF6-DDCA052EC240}.Debug|Any CPU.Build.0 = Debug|iPhoneSimulator
		{07956F2F-9A33-424B-9AF6-DDCA052EC240}.Debug|Any CPU.Deploy.0 = Debug|iPhoneSimulator
		{07956F2F-9A33-424B-9AF6-DDCA052EC240}.Debug|ARM.ActiveCfg = Debug|iPhone
		{07956F2F-9A33-424B-9AF6-DDCA052EC240}.Debug|ARM.Build.0 = Debug|iPhone
		{07956F2F-9A33-424B-9AF6-DDCA052EC240}.Debug|ARM.Deploy.0 = Debug|iPhone
		{07956F2F-9A33-424B-9AF6-DDCA052EC240}.Debug|iPhone.ActiveCfg = Debug|iPhone
		{07956F2F-9A33-424B-9AF6-DDCA052EC240}.Debug|iPhone.Build.0 = Debug|iPhone
		{07956F2F-9A33-424B-9AF6-DDCA052EC240}.Debug|iPhone.Deploy.0 = Debug|iPhone
		{07956F2F-9A33-424B-9AF6-DDCA052EC240}.Debug|iPhoneSimulator.ActiveCfg = Debug|iPhoneSimulator
		{07956F2F-9A33-424B-9AF6-DDCA052EC240}.Debug|iPhoneSimulator.Build.0 = Debug|iPhoneSimulator
		{07956F2F-9A33-424B-9AF6-DDCA052EC240}.Debug|iPhoneSimulator.Deploy.0 = Debug|iPhoneSimulator
		{07956F2F-9A33-424B-9AF6-DDCA052EC240}.Debug|x64.ActiveCfg = Debug|iPhoneSimulator
		{07956F2F-9A33-424B-9AF6-DDCA052EC240}.Debug|x64.Build.0 = Debug|iPhoneSimulator
		{07956F2F-9A33-424B-9AF6-DDCA052EC240}.Debug|x64.Deploy.0 = Debug|iPhoneSimulator
		{07956F2F-9A33-424B-9AF6-DDCA052EC240}.Debug|x86.ActiveCfg = Debug|iPhoneSimulator
		{07956F2F-9A33-424B-9AF6-DDCA052EC240}.Debug|x86.Build.0 = Debug|iPhoneSimulator
		{07956F2F-9A33-424B-9AF6-DDCA052EC240}.Debug|x86.Deploy.0 = Debug|iPhoneSimulator
		{07956F2F-9A33-424B-9AF6-DDCA052EC240}.Release|Any CPU.ActiveCfg = Release|iPhoneSimulator
		{07956F2F-9A33-424B-9AF6-DDCA052EC240}.Release|Any CPU.Build.0 = Release|iPhoneSimulator
		{07956F2F-9A33-424B-9AF6-DDCA052EC240}.Release|Any CPU.Deploy.0 = Release|iPhoneSimulator
		{07956F2F-9A33-424B-9AF6-DDCA052EC240}.Release|ARM.ActiveCfg = Release|iPhoneSimulator
		{07956F2F-9A33-424B-9AF6-DDCA052EC240}.Release|ARM.Build.0 = Release|iPhoneSimulator
		{07956F2F-9A33-424B-9AF6-DDCA052EC240}.Release|ARM.Deploy.0 = Release|iPhoneSimulator
		{07956F2F-9A33-424B-9AF6-DDCA052EC240}.Release|iPhone.ActiveCfg = Release|iPhone
		{07956F2F-9A33-424B-9AF6-DDCA052EC240}.Release|iPhone.Build.0 = Release|iPhone
		{07956F2F-9A33-424B-9AF6-DDCA052EC240}.Release|iPhone.Deploy.0 = Release|iPhone
		{07956F2F-9A33-424B-9AF6-DDCA052EC240}.Release|iPhoneSimulator.ActiveCfg = Release|iPhoneSimulator
		{07956F2F-9A33-424B-9AF6-DDCA052EC240}.Release|iPhoneSimulator.Build.0 = Release|iPhoneSimulator
		{07956F2F-9A33-424B-9AF6-DDCA052EC240}.Release|iPhoneSimulator.Deploy.0 = Release|iPhoneSimulator
		{07956F2F-9A33-424B-9AF6-DDCA052EC240}.Release|x64.ActiveCfg = Release|iPhoneSimulator
		{07956F2F-9A33-424B-9AF6-DDCA052EC240}.Release|x64.Build.0 = Release|iPhoneSimulator
		{07956F2F-9A33-424B-9AF6-DDCA052EC240}.Release|x64.Deploy.0 = Release|iPhoneSimulator
		{07956F2F-9A33-424B-9AF6-DDCA052EC240}.Release|x86.ActiveCfg = Release|iPhoneSimulator
		{07956F2F-9A33-424B-9AF6-DDCA052EC240}.Release|x86.Build.0 = Release|iPhoneSimulator
		{07956F2F-9A33-424B-9AF6-DDCA052EC240}.Release|x86.Deploy.0 = Release|iPhoneSimulator
		{3A6DDDAB-0127-46E6-B370-AE23AE2E970A}.Debug|Any CPU.ActiveCfg = Debug|Any CPU
		{3A6DDDAB-0127-46E6-B370-AE23AE2E970A}.Debug|Any CPU.Build.0 = Debug|Any CPU
		{3A6DDDAB-0127-46E6-B370-AE23AE2E970A}.Debug|Any CPU.Deploy.0 = Debug|Any CPU
		{3A6DDDAB-0127-46E6-B370-AE23AE2E970A}.Debug|ARM.ActiveCfg = Debug|Any CPU
		{3A6DDDAB-0127-46E6-B370-AE23AE2E970A}.Debug|ARM.Build.0 = Debug|Any CPU
		{3A6DDDAB-0127-46E6-B370-AE23AE2E970A}.Debug|ARM.Deploy.0 = Debug|Any CPU
		{3A6DDDAB-0127-46E6-B370-AE23AE2E970A}.Debug|iPhone.ActiveCfg = Debug|Any CPU
		{3A6DDDAB-0127-46E6-B370-AE23AE2E970A}.Debug|iPhone.Build.0 = Debug|Any CPU
		{3A6DDDAB-0127-46E6-B370-AE23AE2E970A}.Debug|iPhone.Deploy.0 = Debug|Any CPU
		{3A6DDDAB-0127-46E6-B370-AE23AE2E970A}.Debug|iPhoneSimulator.ActiveCfg = Debug|Any CPU
		{3A6DDDAB-0127-46E6-B370-AE23AE2E970A}.Debug|iPhoneSimulator.Build.0 = Debug|Any CPU
		{3A6DDDAB-0127-46E6-B370-AE23AE2E970A}.Debug|iPhoneSimulator.Deploy.0 = Debug|Any CPU
		{3A6DDDAB-0127-46E6-B370-AE23AE2E970A}.Debug|x64.ActiveCfg = Debug|Any CPU
		{3A6DDDAB-0127-46E6-B370-AE23AE2E970A}.Debug|x64.Build.0 = Debug|Any CPU
		{3A6DDDAB-0127-46E6-B370-AE23AE2E970A}.Debug|x64.Deploy.0 = Debug|Any CPU
		{3A6DDDAB-0127-46E6-B370-AE23AE2E970A}.Debug|x86.ActiveCfg = Debug|Any CPU
		{3A6DDDAB-0127-46E6-B370-AE23AE2E970A}.Debug|x86.Build.0 = Debug|Any CPU
		{3A6DDDAB-0127-46E6-B370-AE23AE2E970A}.Debug|x86.Deploy.0 = Debug|Any CPU
		{3A6DDDAB-0127-46E6-B370-AE23AE2E970A}.Release|Any CPU.ActiveCfg = Release|Any CPU
		{3A6DDDAB-0127-46E6-B370-AE23AE2E970A}.Release|Any CPU.Build.0 = Release|Any CPU
		{3A6DDDAB-0127-46E6-B370-AE23AE2E970A}.Release|Any CPU.Deploy.0 = Release|Any CPU
		{3A6DDDAB-0127-46E6-B370-AE23AE2E970A}.Release|ARM.ActiveCfg = Release|Any CPU
		{3A6DDDAB-0127-46E6-B370-AE23AE2E970A}.Release|ARM.Build.0 = Release|Any CPU
		{3A6DDDAB-0127-46E6-B370-AE23AE2E970A}.Release|ARM.Deploy.0 = Release|Any CPU
		{3A6DDDAB-0127-46E6-B370-AE23AE2E970A}.Release|iPhone.ActiveCfg = Release|Any CPU
		{3A6DDDAB-0127-46E6-B370-AE23AE2E970A}.Release|iPhone.Build.0 = Release|Any CPU
		{3A6DDDAB-0127-46E6-B370-AE23AE2E970A}.Release|iPhone.Deploy.0 = Release|Any CPU
		{3A6DDDAB-0127-46E6-B370-AE23AE2E970A}.Release|iPhoneSimulator.ActiveCfg = Release|Any CPU
		{3A6DDDAB-0127-46E6-B370-AE23AE2E970A}.Release|iPhoneSimulator.Build.0 = Release|Any CPU
		{3A6DDDAB-0127-46E6-B370-AE23AE2E970A}.Release|iPhoneSimulator.Deploy.0 = Release|Any CPU
		{3A6DDDAB-0127-46E6-B370-AE23AE2E970A}.Release|x64.ActiveCfg = Release|Any CPU
		{3A6DDDAB-0127-46E6-B370-AE23AE2E970A}.Release|x64.Build.0 = Release|Any CPU
		{3A6DDDAB-0127-46E6-B370-AE23AE2E970A}.Release|x64.Deploy.0 = Release|Any CPU
		{3A6DDDAB-0127-46E6-B370-AE23AE2E970A}.Release|x86.ActiveCfg = Release|Any CPU
		{3A6DDDAB-0127-46E6-B370-AE23AE2E970A}.Release|x86.Build.0 = Release|Any CPU
		{3A6DDDAB-0127-46E6-B370-AE23AE2E970A}.Release|x86.Deploy.0 = Release|Any CPU
		{AA3B5A2B-52B9-4F64-B4CF-F7AD9115B3EA}.Debug|Any CPU.ActiveCfg = Debug|Any CPU
		{AA3B5A2B-52B9-4F64-B4CF-F7AD9115B3EA}.Debug|Any CPU.Build.0 = Debug|Any CPU
		{AA3B5A2B-52B9-4F64-B4CF-F7AD9115B3EA}.Debug|ARM.ActiveCfg = Debug|Any CPU
		{AA3B5A2B-52B9-4F64-B4CF-F7AD9115B3EA}.Debug|ARM.Build.0 = Debug|Any CPU
		{AA3B5A2B-52B9-4F64-B4CF-F7AD9115B3EA}.Debug|iPhone.ActiveCfg = Debug|Any CPU
		{AA3B5A2B-52B9-4F64-B4CF-F7AD9115B3EA}.Debug|iPhone.Build.0 = Debug|Any CPU
		{AA3B5A2B-52B9-4F64-B4CF-F7AD9115B3EA}.Debug|iPhoneSimulator.ActiveCfg = Debug|Any CPU
		{AA3B5A2B-52B9-4F64-B4CF-F7AD9115B3EA}.Debug|iPhoneSimulator.Build.0 = Debug|Any CPU
		{AA3B5A2B-52B9-4F64-B4CF-F7AD9115B3EA}.Debug|x64.ActiveCfg = Debug|Any CPU
		{AA3B5A2B-52B9-4F64-B4CF-F7AD9115B3EA}.Debug|x64.Build.0 = Debug|Any CPU
		{AA3B5A2B-52B9-4F64-B4CF-F7AD9115B3EA}.Debug|x86.ActiveCfg = Debug|Any CPU
		{AA3B5A2B-52B9-4F64-B4CF-F7AD9115B3EA}.Debug|x86.Build.0 = Debug|Any CPU
		{AA3B5A2B-52B9-4F64-B4CF-F7AD9115B3EA}.Release|Any CPU.ActiveCfg = Release|Any CPU
		{AA3B5A2B-52B9-4F64-B4CF-F7AD9115B3EA}.Release|Any CPU.Build.0 = Release|Any CPU
		{AA3B5A2B-52B9-4F64-B4CF-F7AD9115B3EA}.Release|ARM.ActiveCfg = Release|Any CPU
		{AA3B5A2B-52B9-4F64-B4CF-F7AD9115B3EA}.Release|ARM.Build.0 = Release|Any CPU
		{AA3B5A2B-52B9-4F64-B4CF-F7AD9115B3EA}.Release|iPhone.ActiveCfg = Release|Any CPU
		{AA3B5A2B-52B9-4F64-B4CF-F7AD9115B3EA}.Release|iPhone.Build.0 = Release|Any CPU
		{AA3B5A2B-52B9-4F64-B4CF-F7AD9115B3EA}.Release|iPhoneSimulator.ActiveCfg = Release|Any CPU
		{AA3B5A2B-52B9-4F64-B4CF-F7AD9115B3EA}.Release|iPhoneSimulator.Build.0 = Release|Any CPU
		{AA3B5A2B-52B9-4F64-B4CF-F7AD9115B3EA}.Release|x64.ActiveCfg = Release|Any CPU
		{AA3B5A2B-52B9-4F64-B4CF-F7AD9115B3EA}.Release|x64.Build.0 = Release|Any CPU
		{AA3B5A2B-52B9-4F64-B4CF-F7AD9115B3EA}.Release|x86.ActiveCfg = Release|Any CPU
		{AA3B5A2B-52B9-4F64-B4CF-F7AD9115B3EA}.Release|x86.Build.0 = Release|Any CPU
		{8895847E-264E-41F9-BF2F-0FF46498B8A6}.Debug|Any CPU.ActiveCfg = Debug|Any CPU
		{8895847E-264E-41F9-BF2F-0FF46498B8A6}.Debug|Any CPU.Build.0 = Debug|Any CPU
		{8895847E-264E-41F9-BF2F-0FF46498B8A6}.Debug|ARM.ActiveCfg = Debug|Any CPU
		{8895847E-264E-41F9-BF2F-0FF46498B8A6}.Debug|ARM.Build.0 = Debug|Any CPU
		{8895847E-264E-41F9-BF2F-0FF46498B8A6}.Debug|iPhone.ActiveCfg = Debug|Any CPU
		{8895847E-264E-41F9-BF2F-0FF46498B8A6}.Debug|iPhone.Build.0 = Debug|Any CPU
		{8895847E-264E-41F9-BF2F-0FF46498B8A6}.Debug|iPhoneSimulator.ActiveCfg = Debug|Any CPU
		{8895847E-264E-41F9-BF2F-0FF46498B8A6}.Debug|iPhoneSimulator.Build.0 = Debug|Any CPU
		{8895847E-264E-41F9-BF2F-0FF46498B8A6}.Debug|x64.ActiveCfg = Debug|Any CPU
		{8895847E-264E-41F9-BF2F-0FF46498B8A6}.Debug|x64.Build.0 = Debug|Any CPU
		{8895847E-264E-41F9-BF2F-0FF46498B8A6}.Debug|x86.ActiveCfg = Debug|Any CPU
		{8895847E-264E-41F9-BF2F-0FF46498B8A6}.Debug|x86.Build.0 = Debug|Any CPU
		{8895847E-264E-41F9-BF2F-0FF46498B8A6}.Release|Any CPU.ActiveCfg = Release|Any CPU
		{8895847E-264E-41F9-BF2F-0FF46498B8A6}.Release|Any CPU.Build.0 = Release|Any CPU
		{8895847E-264E-41F9-BF2F-0FF46498B8A6}.Release|ARM.ActiveCfg = Release|Any CPU
		{8895847E-264E-41F9-BF2F-0FF46498B8A6}.Release|ARM.Build.0 = Release|Any CPU
		{8895847E-264E-41F9-BF2F-0FF46498B8A6}.Release|iPhone.ActiveCfg = Release|Any CPU
		{8895847E-264E-41F9-BF2F-0FF46498B8A6}.Release|iPhone.Build.0 = Release|Any CPU
		{8895847E-264E-41F9-BF2F-0FF46498B8A6}.Release|iPhoneSimulator.ActiveCfg = Release|Any CPU
		{8895847E-264E-41F9-BF2F-0FF46498B8A6}.Release|iPhoneSimulator.Build.0 = Release|Any CPU
		{8895847E-264E-41F9-BF2F-0FF46498B8A6}.Release|x64.ActiveCfg = Release|Any CPU
		{8895847E-264E-41F9-BF2F-0FF46498B8A6}.Release|x64.Build.0 = Release|Any CPU
		{8895847E-264E-41F9-BF2F-0FF46498B8A6}.Release|x86.ActiveCfg = Release|Any CPU
		{8895847E-264E-41F9-BF2F-0FF46498B8A6}.Release|x86.Build.0 = Release|Any CPU
		{7111D263-A30D-4343-8EB6-68397428BFBF}.Debug|Any CPU.ActiveCfg = Debug|Any CPU
		{7111D263-A30D-4343-8EB6-68397428BFBF}.Debug|Any CPU.Build.0 = Debug|Any CPU
		{7111D263-A30D-4343-8EB6-68397428BFBF}.Debug|ARM.ActiveCfg = Debug|Any CPU
		{7111D263-A30D-4343-8EB6-68397428BFBF}.Debug|ARM.Build.0 = Debug|Any CPU
		{7111D263-A30D-4343-8EB6-68397428BFBF}.Debug|iPhone.ActiveCfg = Debug|Any CPU
		{7111D263-A30D-4343-8EB6-68397428BFBF}.Debug|iPhone.Build.0 = Debug|Any CPU
		{7111D263-A30D-4343-8EB6-68397428BFBF}.Debug|iPhoneSimulator.ActiveCfg = Debug|Any CPU
		{7111D263-A30D-4343-8EB6-68397428BFBF}.Debug|iPhoneSimulator.Build.0 = Debug|Any CPU
		{7111D263-A30D-4343-8EB6-68397428BFBF}.Debug|x64.ActiveCfg = Debug|Any CPU
		{7111D263-A30D-4343-8EB6-68397428BFBF}.Debug|x64.Build.0 = Debug|Any CPU
		{7111D263-A30D-4343-8EB6-68397428BFBF}.Debug|x86.ActiveCfg = Debug|Any CPU
		{7111D263-A30D-4343-8EB6-68397428BFBF}.Debug|x86.Build.0 = Debug|Any CPU
		{7111D263-A30D-4343-8EB6-68397428BFBF}.Release|Any CPU.ActiveCfg = Release|Any CPU
		{7111D263-A30D-4343-8EB6-68397428BFBF}.Release|Any CPU.Build.0 = Release|Any CPU
		{7111D263-A30D-4343-8EB6-68397428BFBF}.Release|ARM.ActiveCfg = Release|Any CPU
		{7111D263-A30D-4343-8EB6-68397428BFBF}.Release|ARM.Build.0 = Release|Any CPU
		{7111D263-A30D-4343-8EB6-68397428BFBF}.Release|iPhone.ActiveCfg = Release|Any CPU
		{7111D263-A30D-4343-8EB6-68397428BFBF}.Release|iPhone.Build.0 = Release|Any CPU
		{7111D263-A30D-4343-8EB6-68397428BFBF}.Release|iPhoneSimulator.ActiveCfg = Release|Any CPU
		{7111D263-A30D-4343-8EB6-68397428BFBF}.Release|iPhoneSimulator.Build.0 = Release|Any CPU
		{7111D263-A30D-4343-8EB6-68397428BFBF}.Release|x64.ActiveCfg = Release|Any CPU
		{7111D263-A30D-4343-8EB6-68397428BFBF}.Release|x64.Build.0 = Release|Any CPU
		{7111D263-A30D-4343-8EB6-68397428BFBF}.Release|x86.ActiveCfg = Release|Any CPU
		{7111D263-A30D-4343-8EB6-68397428BFBF}.Release|x86.Build.0 = Release|Any CPU
	EndGlobalSection
	GlobalSection(SolutionProperties) = preSolution
		HideSolutionNode = FALSE
	EndGlobalSection
	GlobalSection(ExtensibilityGlobals) = postSolution
		SolutionGuid = {9F30E11D-8A23-411D-AABA-7997CD5453B7}
	EndGlobalSection
EndGlobal
